// !$*UTF8*$!
{
	archiveVersion = 1;
	classes = {
	};
	objectVersion = 51;
	objects = {

/* Begin PBXBuildFile section */
		70906B0A5303CF5B14B1B736 /* Pods_GithubSearch.framework in Frameworks */ = {isa = PBXBuildFile; fileRef = 71CBC46116A9CD7A04C33D3C /* Pods_GithubSearch.framework */; };
		9B802BF32636FB47004F5293 /* AppDelegate.swift in Sources */ = {isa = PBXBuildFile; fileRef = 9B802BF22636FB47004F5293 /* AppDelegate.swift */; };
		9B802BF52636FB47004F5293 /* SceneDelegate.swift in Sources */ = {isa = PBXBuildFile; fileRef = 9B802BF42636FB47004F5293 /* SceneDelegate.swift */; };
		9B802BFC2636FB48004F5293 /* Assets.xcassets in Resources */ = {isa = PBXBuildFile; fileRef = 9B802BFB2636FB48004F5293 /* Assets.xcassets */; };
		9B802BFF2636FB48004F5293 /* LaunchScreen.storyboard in Resources */ = {isa = PBXBuildFile; fileRef = 9B802BFD2636FB48004F5293 /* LaunchScreen.storyboard */; };
		9B802C0A2636FB95004F5293 /* SearchViewController.swift in Sources */ = {isa = PBXBuildFile; fileRef = 9B802C092636FB95004F5293 /* SearchViewController.swift */; };
		9B802C0D2636FBC7004F5293 /* SearchViewModel.swift in Sources */ = {isa = PBXBuildFile; fileRef = 9B802C0C2636FBC7004F5293 /* SearchViewModel.swift */; };
		9B802C102636FBE7004F5293 /* SearchResponse.swift in Sources */ = {isa = PBXBuildFile; fileRef = 9B802C0F2636FBE7004F5293 /* SearchResponse.swift */; };
		9B802C142636FC12004F5293 /* GithubAPI.swift in Sources */ = {isa = PBXBuildFile; fileRef = 9B802C132636FC12004F5293 /* GithubAPI.swift */; };
		9B802C252636FD2C004F5293 /* BaseViewController.swift in Sources */ = {isa = PBXBuildFile; fileRef = 9B802C242636FD2C004F5293 /* BaseViewController.swift */; };
		9B802C282636FD4E004F5293 /* BaseViewModel.swift in Sources */ = {isa = PBXBuildFile; fileRef = 9B802C272636FD4E004F5293 /* BaseViewModel.swift */; };
/* End PBXBuildFile section */

/* Begin PBXFileReference section */
		71CBC46116A9CD7A04C33D3C /* Pods_GithubSearch.framework */ = {isa = PBXFileReference; explicitFileType = wrapper.framework; includeInIndex = 0; path = Pods_GithubSearch.framework; sourceTree = BUILT_PRODUCTS_DIR; };
		7D2384EF05F9B8931B2B7F63 /* Pods-GithubSearch.release.xcconfig */ = {isa = PBXFileReference; includeInIndex = 1; lastKnownFileType = text.xcconfig; name = "Pods-GithubSearch.release.xcconfig"; path = "Target Support Files/Pods-GithubSearch/Pods-GithubSearch.release.xcconfig"; sourceTree = "<group>"; };
		9B802BEF2636FB47004F5293 /* GithubSearch.app */ = {isa = PBXFileReference; explicitFileType = wrapper.application; includeInIndex = 0; path = GithubSearch.app; sourceTree = BUILT_PRODUCTS_DIR; };
		9B802BF22636FB47004F5293 /* AppDelegate.swift */ = {isa = PBXFileReference; lastKnownFileType = sourcecode.swift; path = AppDelegate.swift; sourceTree = "<group>"; };
		9B802BF42636FB47004F5293 /* SceneDelegate.swift */ = {isa = PBXFileReference; lastKnownFileType = sourcecode.swift; path = SceneDelegate.swift; sourceTree = "<group>"; };
		9B802BFB2636FB48004F5293 /* Assets.xcassets */ = {isa = PBXFileReference; lastKnownFileType = folder.assetcatalog; path = Assets.xcassets; sourceTree = "<group>"; };
		9B802BFE2636FB48004F5293 /* Base */ = {isa = PBXFileReference; lastKnownFileType = file.storyboard; name = Base; path = Base.lproj/LaunchScreen.storyboard; sourceTree = "<group>"; };
		9B802C002636FB48004F5293 /* Info.plist */ = {isa = PBXFileReference; lastKnownFileType = text.plist.xml; path = Info.plist; sourceTree = "<group>"; };
		9B802C092636FB95004F5293 /* SearchViewController.swift */ = {isa = PBXFileReference; lastKnownFileType = sourcecode.swift; path = SearchViewController.swift; sourceTree = "<group>"; };
		9B802C0C2636FBC7004F5293 /* SearchViewModel.swift */ = {isa = PBXFileReference; lastKnownFileType = sourcecode.swift; path = SearchViewModel.swift; sourceTree = "<group>"; };
		9B802C0F2636FBE7004F5293 /* SearchResponse.swift */ = {isa = PBXFileReference; lastKnownFileType = sourcecode.swift; path = SearchResponse.swift; sourceTree = "<group>"; };
		9B802C132636FC12004F5293 /* GithubAPI.swift */ = {isa = PBXFileReference; lastKnownFileType = sourcecode.swift; path = GithubAPI.swift; sourceTree = "<group>"; };
		9B802C242636FD2C004F5293 /* BaseViewController.swift */ = {isa = PBXFileReference; lastKnownFileType = sourcecode.swift; path = BaseViewController.swift; sourceTree = "<group>"; };
		9B802C272636FD4E004F5293 /* BaseViewModel.swift */ = {isa = PBXFileReference; lastKnownFileType = sourcecode.swift; path = BaseViewModel.swift; sourceTree = "<group>"; };
		A31C707EED65ACD49FA7C43D /* Pods-GithubSearch.debug.xcconfig */ = {isa = PBXFileReference; includeInIndex = 1; lastKnownFileType = text.xcconfig; name = "Pods-GithubSearch.debug.xcconfig"; path = "Target Support Files/Pods-GithubSearch/Pods-GithubSearch.debug.xcconfig"; sourceTree = "<group>"; };
/* End PBXFileReference section */

/* Begin PBXFrameworksBuildPhase section */
		9B802BEC2636FB47004F5293 /* Frameworks */ = {
			isa = PBXFrameworksBuildPhase;
			buildActionMask = 2147483647;
			files = (
				70906B0A5303CF5B14B1B736 /* Pods_GithubSearch.framework in Frameworks */,
			);
			runOnlyForDeploymentPostprocessing = 0;
		};
/* End PBXFrameworksBuildPhase section */

/* Begin PBXGroup section */
		09F9B073A3D6B0B436552987 /* Frameworks */ = {
			isa = PBXGroup;
			children = (
				71CBC46116A9CD7A04C33D3C /* Pods_GithubSearch.framework */,
			);
			name = Frameworks;
			sourceTree = "<group>";
		};
		7621B07CA81A7374042986B2 /* Pods */ = {
			isa = PBXGroup;
			children = (
				A31C707EED65ACD49FA7C43D /* Pods-GithubSearch.debug.xcconfig */,
				7D2384EF05F9B8931B2B7F63 /* Pods-GithubSearch.release.xcconfig */,
			);
			path = Pods;
			sourceTree = "<group>";
		};
		9B802BE62636FB47004F5293 = {
			isa = PBXGroup;
			children = (
				9B802BF12636FB47004F5293 /* GithubSearch */,
				09F9B073A3D6B0B436552987 /* Frameworks */,
				7621B07CA81A7374042986B2 /* Pods */,
				9B802BF02636FB47004F5293 /* Products */,
			);
			sourceTree = "<group>";
		};
		9B802BF02636FB47004F5293 /* Products */ = {
			isa = PBXGroup;
			children = (
				9B802BEF2636FB47004F5293 /* GithubSearch.app */,
			);
			name = Products;
			sourceTree = "<group>";
		};
		9B802BF12636FB47004F5293 /* GithubSearch */ = {
			isa = PBXGroup;
			children = (
				9B802C002636FB48004F5293 /* Info.plist */,
				9B802BF22636FB47004F5293 /* AppDelegate.swift */,
				9B802BF42636FB47004F5293 /* SceneDelegate.swift */,
				9B802BFB2636FB48004F5293 /* Assets.xcassets */,
				9B802BFD2636FB48004F5293 /* LaunchScreen.storyboard */,
				9B802C122636FBFD004F5293 /* Network */,
				9B802C182636FC23004F5293 /* Scene */,
			);
			path = GithubSearch;
			sourceTree = "<group>";
		};
		9B802C122636FBFD004F5293 /* Network */ = {
			isa = PBXGroup;
			children = (
				9B802C172636FC16004F5293 /* Model */,
				9B802C132636FC12004F5293 /* GithubAPI.swift */,
			);
			path = Network;
			sourceTree = "<group>";
		};
		9B802C172636FC16004F5293 /* Model */ = {
			isa = PBXGroup;
			children = (
				9B802C0F2636FBE7004F5293 /* SearchResponse.swift */,
			);
			path = Model;
			sourceTree = "<group>";
		};
		9B802C182636FC23004F5293 /* Scene */ = {
			isa = PBXGroup;
			children = (
				9B802C192636FC2D004F5293 /* Common */,
				9B802C1A2636FC33004F5293 /* Search */,
			);
			path = Scene;
			sourceTree = "<group>";
		};
		9B802C192636FC2D004F5293 /* Common */ = {
			isa = PBXGroup;
			children = (
				9B802C242636FD2C004F5293 /* BaseViewController.swift */,
				9B802C272636FD4E004F5293 /* BaseViewModel.swift */,
			);
			path = Common;
			sourceTree = "<group>";
		};
		9B802C1A2636FC33004F5293 /* Search */ = {
			isa = PBXGroup;
			children = (
				9B802C092636FB95004F5293 /* SearchViewController.swift */,
				9B802C0C2636FBC7004F5293 /* SearchViewModel.swift */,
			);
			path = Search;
			sourceTree = "<group>";
		};
/* End PBXGroup section */

/* Begin PBXNativeTarget section */
		9B802BEE2636FB47004F5293 /* GithubSearch */ = {
			isa = PBXNativeTarget;
			buildConfigurationList = 9B802C032636FB48004F5293 /* Build configuration list for PBXNativeTarget "GithubSearch" */;
			buildPhases = (
				BC635205FA7BAB17DB50B7AD /* [CP] Check Pods Manifest.lock */,
				9B802BEB2636FB47004F5293 /* Sources */,
				9B802BEC2636FB47004F5293 /* Frameworks */,
				9B802BED2636FB47004F5293 /* Resources */,
				F0F6A57716AB7379E905C071 /* [CP] Embed Pods Frameworks */,
			);
			buildRules = (
			);
			dependencies = (
			);
			name = GithubSearch;
			productName = GithubSearch;
			productReference = 9B802BEF2636FB47004F5293 /* GithubSearch.app */;
			productType = "com.apple.product-type.application";
		};
/* End PBXNativeTarget section */

/* Begin PBXProject section */
		9B802BE72636FB47004F5293 /* Project object */ = {
			isa = PBXProject;
			attributes = {
				LastSwiftUpdateCheck = 1240;
				LastUpgradeCheck = 1240;
				TargetAttributes = {
					9B802BEE2636FB47004F5293 = {
						CreatedOnToolsVersion = 12.4;
					};
				};
			};
			buildConfigurationList = 9B802BEA2636FB47004F5293 /* Build configuration list for PBXProject "GithubSearch" */;
			compatibilityVersion = "Xcode 9.3";
			developmentRegion = en;
			hasScannedForEncodings = 0;
			knownRegions = (
				en,
				Base,
			);
			mainGroup = 9B802BE62636FB47004F5293;
			productRefGroup = 9B802BF02636FB47004F5293 /* Products */;
			projectDirPath = "";
			projectRoot = "";
			targets = (
				9B802BEE2636FB47004F5293 /* GithubSearch */,
			);
		};
/* End PBXProject section */

/* Begin PBXResourcesBuildPhase section */
		9B802BED2636FB47004F5293 /* Resources */ = {
			isa = PBXResourcesBuildPhase;
			buildActionMask = 2147483647;
			files = (
				9B802BFF2636FB48004F5293 /* LaunchScreen.storyboard in Resources */,
				9B802BFC2636FB48004F5293 /* Assets.xcassets in Resources */,
			);
			runOnlyForDeploymentPostprocessing = 0;
		};
/* End PBXResourcesBuildPhase section */

/* Begin PBXShellScriptBuildPhase section */
		BC635205FA7BAB17DB50B7AD /* [CP] Check Pods Manifest.lock */ = {
			isa = PBXShellScriptBuildPhase;
			buildActionMask = 2147483647;
			files = (
			);
			inputFileListPaths = (
			);
			inputPaths = (
				"${PODS_PODFILE_DIR_PATH}/Podfile.lock",
				"${PODS_ROOT}/Manifest.lock",
			);
			name = "[CP] Check Pods Manifest.lock";
			outputFileListPaths = (
			);
			outputPaths = (
				"$(DERIVED_FILE_DIR)/Pods-GithubSearch-checkManifestLockResult.txt",
			);
			runOnlyForDeploymentPostprocessing = 0;
			shellPath = /bin/sh;
			shellScript = "diff \"${PODS_PODFILE_DIR_PATH}/Podfile.lock\" \"${PODS_ROOT}/Manifest.lock\" > /dev/null\nif [ $? != 0 ] ; then\n    # print error to STDERR\n    echo \"error: The sandbox is not in sync with the Podfile.lock. Run 'pod install' or update your CocoaPods installation.\" >&2\n    exit 1\nfi\n# This output is used by Xcode 'outputs' to avoid re-running this script phase.\necho \"SUCCESS\" > \"${SCRIPT_OUTPUT_FILE_0}\"\n";
			showEnvVarsInLog = 0;
		};
		F0F6A57716AB7379E905C071 /* [CP] Embed Pods Frameworks */ = {
			isa = PBXShellScriptBuildPhase;
			buildActionMask = 2147483647;
			files = (
			);
			inputFileListPaths = (
				"${PODS_ROOT}/Target Support Files/Pods-GithubSearch/Pods-GithubSearch-frameworks-${CONFIGURATION}-input-files.xcfilelist",
			);
			name = "[CP] Embed Pods Frameworks";
			outputFileListPaths = (
				"${PODS_ROOT}/Target Support Files/Pods-GithubSearch/Pods-GithubSearch-frameworks-${CONFIGURATION}-output-files.xcfilelist",
			);
			runOnlyForDeploymentPostprocessing = 0;
			shellPath = /bin/sh;
			shellScript = "\"${PODS_ROOT}/Target Support Files/Pods-GithubSearch/Pods-GithubSearch-frameworks.sh\"\n";
			showEnvVarsInLog = 0;
		};
/* End PBXShellScriptBuildPhase section */

/* Begin PBXSourcesBuildPhase section */
		9B802BEB2636FB47004F5293 /* Sources */ = {
			isa = PBXSourcesBuildPhase;
			buildActionMask = 2147483647;
			files = (
				9B802C0D2636FBC7004F5293 /* SearchViewModel.swift in Sources */,
				9B802C102636FBE7004F5293 /* SearchResponse.swift in Sources */,
				9B802BF32636FB47004F5293 /* AppDelegate.swift in Sources */,
				9B802C0A2636FB95004F5293 /* SearchViewController.swift in Sources */,
				9B802C142636FC12004F5293 /* GithubAPI.swift in Sources */,
				9B802C282636FD4E004F5293 /* BaseViewModel.swift in Sources */,
				9B802C252636FD2C004F5293 /* BaseViewController.swift in Sources */,
				9B802BF52636FB47004F5293 /* SceneDelegate.swift in Sources */,
			);
			runOnlyForDeploymentPostprocessing = 0;
		};
/* End PBXSourcesBuildPhase section */

/* Begin PBXVariantGroup section */
		9B802BFD2636FB48004F5293 /* LaunchScreen.storyboard */ = {
			isa = PBXVariantGroup;
			children = (
				9B802BFE2636FB48004F5293 /* Base */,
			);
			name = LaunchScreen.storyboard;
			sourceTree = "<group>";
		};
/* End PBXVariantGroup section */

/* Begin XCBuildConfiguration section */
		9B802C012636FB48004F5293 /* Debug */ = {
			isa = XCBuildConfiguration;
			buildSettings = {
				ALWAYS_SEARCH_USER_PATHS = NO;
				CLANG_ANALYZER_NONNULL = YES;
				CLANG_ANALYZER_NUMBER_OBJECT_CONVERSION = YES_AGGRESSIVE;
				CLANG_CXX_LANGUAGE_STANDARD = "gnu++14";
				CLANG_CXX_LIBRARY = "libc++";
				CLANG_ENABLE_MODULES = YES;
				CLANG_ENABLE_OBJC_ARC = YES;
				CLANG_ENABLE_OBJC_WEAK = YES;
				CLANG_WARN_BLOCK_CAPTURE_AUTORELEASING = YES;
				CLANG_WARN_BOOL_CONVERSION = YES;
				CLANG_WARN_COMMA = YES;
				CLANG_WARN_CONSTANT_CONVERSION = YES;
				CLANG_WARN_DEPRECATED_OBJC_IMPLEMENTATIONS = YES;
				CLANG_WARN_DIRECT_OBJC_ISA_USAGE = YES_ERROR;
				CLANG_WARN_DOCUMENTATION_COMMENTS = YES;
				CLANG_WARN_EMPTY_BODY = YES;
				CLANG_WARN_ENUM_CONVERSION = YES;
				CLANG_WARN_INFINITE_RECURSION = YES;
				CLANG_WARN_INT_CONVERSION = YES;
				CLANG_WARN_NON_LITERAL_NULL_CONVERSION = YES;
				CLANG_WARN_OBJC_IMPLICIT_RETAIN_SELF = YES;
				CLANG_WARN_OBJC_LITERAL_CONVERSION = YES;
				CLANG_WARN_OBJC_ROOT_CLASS = YES_ERROR;
				CLANG_WARN_QUOTED_INCLUDE_IN_FRAMEWORK_HEADER = YES;
				CLANG_WARN_RANGE_LOOP_ANALYSIS = YES;
				CLANG_WARN_STRICT_PROTOTYPES = YES;
				CLANG_WARN_SUSPICIOUS_MOVE = YES;
				CLANG_WARN_UNGUARDED_AVAILABILITY = YES_AGGRESSIVE;
				CLANG_WARN_UNREACHABLE_CODE = YES;
				CLANG_WARN__DUPLICATE_METHOD_MATCH = YES;
				COPY_PHASE_STRIP = NO;
				DEBUG_INFORMATION_FORMAT = dwarf;
				ENABLE_STRICT_OBJC_MSGSEND = YES;
				ENABLE_TESTABILITY = YES;
				GCC_C_LANGUAGE_STANDARD = gnu11;
				GCC_DYNAMIC_NO_PIC = NO;
				GCC_NO_COMMON_BLOCKS = YES;
				GCC_OPTIMIZATION_LEVEL = 0;
				GCC_PREPROCESSOR_DEFINITIONS = (
					"DEBUG=1",
					"$(inherited)",
				);
				GCC_WARN_64_TO_32_BIT_CONVERSION = YES;
				GCC_WARN_ABOUT_RETURN_TYPE = YES_ERROR;
				GCC_WARN_UNDECLARED_SELECTOR = YES;
				GCC_WARN_UNINITIALIZED_AUTOS = YES_AGGRESSIVE;
				GCC_WARN_UNUSED_FUNCTION = YES;
				GCC_WARN_UNUSED_VARIABLE = YES;
				IPHONEOS_DEPLOYMENT_TARGET = 14.4;
				MTL_ENABLE_DEBUG_INFO = INCLUDE_SOURCE;
				MTL_FAST_MATH = YES;
				ONLY_ACTIVE_ARCH = YES;
				SDKROOT = iphoneos;
				SWIFT_ACTIVE_COMPILATION_CONDITIONS = DEBUG;
				SWIFT_OPTIMIZATION_LEVEL = "-Onone";
			};
			name = Debug;
		};
		9B802C022636FB48004F5293 /* Release */ = {
			isa = XCBuildConfiguration;
			buildSettings = {
				ALWAYS_SEARCH_USER_PATHS = NO;
				CLANG_ANALYZER_NONNULL = YES;
				CLANG_ANALYZER_NUMBER_OBJECT_CONVERSION = YES_AGGRESSIVE;
				CLANG_CXX_LANGUAGE_STANDARD = "gnu++14";
				CLANG_CXX_LIBRARY = "libc++";
				CLANG_ENABLE_MODULES = YES;
				CLANG_ENABLE_OBJC_ARC = YES;
				CLANG_ENABLE_OBJC_WEAK = YES;
				CLANG_WARN_BLOCK_CAPTURE_AUTORELEASING = YES;
				CLANG_WARN_BOOL_CONVERSION = YES;
				CLANG_WARN_COMMA = YES;
				CLANG_WARN_CONSTANT_CONVERSION = YES;
				CLANG_WARN_DEPRECATED_OBJC_IMPLEMENTATIONS = YES;
				CLANG_WARN_DIRECT_OBJC_ISA_USAGE = YES_ERROR;
				CLANG_WARN_DOCUMENTATION_COMMENTS = YES;
				CLANG_WARN_EMPTY_BODY = YES;
				CLANG_WARN_ENUM_CONVERSION = YES;
				CLANG_WARN_INFINITE_RECURSION = YES;
				CLANG_WARN_INT_CONVERSION = YES;
				CLANG_WARN_NON_LITERAL_NULL_CONVERSION = YES;
				CLANG_WARN_OBJC_IMPLICIT_RETAIN_SELF = YES;
				CLANG_WARN_OBJC_LITERAL_CONVERSION = YES;
				CLANG_WARN_OBJC_ROOT_CLASS = YES_ERROR;
				CLANG_WARN_QUOTED_INCLUDE_IN_FRAMEWORK_HEADER = YES;
				CLANG_WARN_RANGE_LOOP_ANALYSIS = YES;
				CLANG_WARN_STRICT_PROTOTYPES = YES;
				CLANG_WARN_SUSPICIOUS_MOVE = YES;
				CLANG_WARN_UNGUARDED_AVAILABILITY = YES_AGGRESSIVE;
				CLANG_WARN_UNREACHABLE_CODE = YES;
				CLANG_WARN__DUPLICATE_METHOD_MATCH = YES;
				COPY_PHASE_STRIP = NO;
				DEBUG_INFORMATION_FORMAT = "dwarf-with-dsym";
				ENABLE_NS_ASSERTIONS = NO;
				ENABLE_STRICT_OBJC_MSGSEND = YES;
				GCC_C_LANGUAGE_STANDARD = gnu11;
				GCC_NO_COMMON_BLOCKS = YES;
				GCC_WARN_64_TO_32_BIT_CONVERSION = YES;
				GCC_WARN_ABOUT_RETURN_TYPE = YES_ERROR;
				GCC_WARN_UNDECLARED_SELECTOR = YES;
				GCC_WARN_UNINITIALIZED_AUTOS = YES_AGGRESSIVE;
				GCC_WARN_UNUSED_FUNCTION = YES;
				GCC_WARN_UNUSED_VARIABLE = YES;
				IPHONEOS_DEPLOYMENT_TARGET = 14.4;
				MTL_ENABLE_DEBUG_INFO = NO;
				MTL_FAST_MATH = YES;
				SDKROOT = iphoneos;
				SWIFT_COMPILATION_MODE = wholemodule;
				SWIFT_OPTIMIZATION_LEVEL = "-O";
				VALIDATE_PRODUCT = YES;
			};
			name = Release;
		};
		9B802C042636FB48004F5293 /* Debug */ = {
			isa = XCBuildConfiguration;
			baseConfigurationReference = A31C707EED65ACD49FA7C43D /* Pods-GithubSearch.debug.xcconfig */;
			buildSettings = {
				ASSETCATALOG_COMPILER_APPICON_NAME = AppIcon;
				ASSETCATALOG_COMPILER_GLOBAL_ACCENT_COLOR_NAME = AccentColor;
				CODE_SIGN_STYLE = Automatic;
				INFOPLIST_FILE = GithubSearch/Info.plist;
				LD_RUNPATH_SEARCH_PATHS = (
					"$(inherited)",
					"@executable_path/Frameworks",
				);
				PRODUCT_BUNDLE_IDENTIFIER = io.github.jesterz91.GithubSearch;
				PRODUCT_NAME = "$(TARGET_NAME)";
				SWIFT_VERSION = 5.0;
				TARGETED_DEVICE_FAMILY = 1;
			};
			name = Debug;
		};
		9B802C052636FB48004F5293 /* Release */ = {
			isa = XCBuildConfiguration;
			baseConfigurationReference = 7D2384EF05F9B8931B2B7F63 /* Pods-GithubSearch.release.xcconfig */;
			buildSettings = {
				ASSETCATALOG_COMPILER_APPICON_NAME = AppIcon;
				ASSETCATALOG_COMPILER_GLOBAL_ACCENT_COLOR_NAME = AccentColor;
				CODE_SIGN_STYLE = Automatic;
				INFOPLIST_FILE = GithubSearch/Info.plist;
				LD_RUNPATH_SEARCH_PATHS = (
					"$(inherited)",
					"@executable_path/Frameworks",
				);
				PRODUCT_BUNDLE_IDENTIFIER = io.github.jesterz91.GithubSearch;
				PRODUCT_NAME = "$(TARGET_NAME)";
				SWIFT_VERSION = 5.0;
				TARGETED_DEVICE_FAMILY = 1;
			};
			name = Release;
		};
/* End XCBuildConfiguration section */

/* Begin XCConfigurationList section */
		9B802BEA2636FB47004F5293 /* Build configuration list for PBXProject "GithubSearch" */ = {
			isa = XCConfigurationList;
			buildConfigurations = (
				9B802C012636FB48004F5293 /* Debug */,
				9B802C022636FB48004F5293 /* Release */,
			);
			defaultConfigurationIsVisible = 0;
			defaultConfigurationName = Release;
		};
		9B802C032636FB48004F5293 /* Build configuration list for PBXNativeTarget "GithubSearch" */ = {
			isa = XCConfigurationList;
			buildConfigurations = (
				9B802C042636FB48004F5293 /* Debug */,
				9B802C052636FB48004F5293 /* Release */,
			);
			defaultConfigurationIsVisible = 0;
			defaultConfigurationName = Release;
		};
/* End XCConfigurationList section */
	};
	rootObject = 9B802BE72636FB47004F5293 /* Project object */;
}
