// !$*UTF8*$!
{
	archiveVersion = 1;
	classes = {
	};
	objectVersion = 51;
	objects = {

/* Begin PBXBuildFile section */
		0EDA8E132FFFF68AA982DF02 /* Pods_Tweeter.framework in Frameworks */ = {isa = PBXBuildFile; fileRef = D2643717DE95DDC7611DF18A /* Pods_Tweeter.framework */; };
		9B8FB7BA262A584D003BA148 /* AppDelegate.swift in Sources */ = {isa = PBXBuildFile; fileRef = 9B8FB7B9262A584D003BA148 /* AppDelegate.swift */; };
		9B8FB7BC262A584D003BA148 /* SceneDelegate.swift in Sources */ = {isa = PBXBuildFile; fileRef = 9B8FB7BB262A584D003BA148 /* SceneDelegate.swift */; };
		9B8FB7BE262A584D003BA148 /* TweetViewController.swift in Sources */ = {isa = PBXBuildFile; fileRef = 9B8FB7BD262A584D003BA148 /* TweetViewController.swift */; };
		9B8FB7C3262A5850003BA148 /* Assets.xcassets in Resources */ = {isa = PBXBuildFile; fileRef = 9B8FB7C2262A5850003BA148 /* Assets.xcassets */; };
		9B8FB7C6262A5850003BA148 /* LaunchScreen.storyboard in Resources */ = {isa = PBXBuildFile; fileRef = 9B8FB7C4262A5850003BA148 /* LaunchScreen.storyboard */; };
		9B8FB7D2262A58FB003BA148 /* TweetReactor.swift in Sources */ = {isa = PBXBuildFile; fileRef = 9B8FB7D1262A58FB003BA148 /* TweetReactor.swift */; };
		9B8FB7D5262A5933003BA148 /* TweetService.swift in Sources */ = {isa = PBXBuildFile; fileRef = 9B8FB7D4262A5933003BA148 /* TweetService.swift */; };
/* End PBXBuildFile section */

/* Begin PBXFileReference section */
		66E1627C4D1F496A58163C9E /* Pods-Tweeter.debug.xcconfig */ = {isa = PBXFileReference; includeInIndex = 1; lastKnownFileType = text.xcconfig; name = "Pods-Tweeter.debug.xcconfig"; path = "Target Support Files/Pods-Tweeter/Pods-Tweeter.debug.xcconfig"; sourceTree = "<group>"; };
		9B8FB7B6262A584D003BA148 /* Tweeter.app */ = {isa = PBXFileReference; explicitFileType = wrapper.application; includeInIndex = 0; path = Tweeter.app; sourceTree = BUILT_PRODUCTS_DIR; };
		9B8FB7B9262A584D003BA148 /* AppDelegate.swift */ = {isa = PBXFileReference; lastKnownFileType = sourcecode.swift; path = AppDelegate.swift; sourceTree = "<group>"; };
		9B8FB7BB262A584D003BA148 /* SceneDelegate.swift */ = {isa = PBXFileReference; lastKnownFileType = sourcecode.swift; path = SceneDelegate.swift; sourceTree = "<group>"; };
		9B8FB7BD262A584D003BA148 /* TweetViewController.swift */ = {isa = PBXFileReference; lastKnownFileType = sourcecode.swift; path = TweetViewController.swift; sourceTree = "<group>"; };
		9B8FB7C2262A5850003BA148 /* Assets.xcassets */ = {isa = PBXFileReference; lastKnownFileType = folder.assetcatalog; path = Assets.xcassets; sourceTree = "<group>"; };
		9B8FB7C5262A5850003BA148 /* Base */ = {isa = PBXFileReference; lastKnownFileType = file.storyboard; name = Base; path = Base.lproj/LaunchScreen.storyboard; sourceTree = "<group>"; };
		9B8FB7C7262A5850003BA148 /* Info.plist */ = {isa = PBXFileReference; lastKnownFileType = text.plist.xml; path = Info.plist; sourceTree = "<group>"; };
		9B8FB7D1262A58FB003BA148 /* TweetReactor.swift */ = {isa = PBXFileReference; lastKnownFileType = sourcecode.swift; path = TweetReactor.swift; sourceTree = "<group>"; };
		9B8FB7D4262A5933003BA148 /* TweetService.swift */ = {isa = PBXFileReference; lastKnownFileType = sourcecode.swift; path = TweetService.swift; sourceTree = "<group>"; };
		A5736B4298BC12C5EF7ABEDF /* Pods-Tweeter.release.xcconfig */ = {isa = PBXFileReference; includeInIndex = 1; lastKnownFileType = text.xcconfig; name = "Pods-Tweeter.release.xcconfig"; path = "Target Support Files/Pods-Tweeter/Pods-Tweeter.release.xcconfig"; sourceTree = "<group>"; };
		D2643717DE95DDC7611DF18A /* Pods_Tweeter.framework */ = {isa = PBXFileReference; explicitFileType = wrapper.framework; includeInIndex = 0; path = Pods_Tweeter.framework; sourceTree = BUILT_PRODUCTS_DIR; };
/* End PBXFileReference section */

/* Begin PBXFrameworksBuildPhase section */
		9B8FB7B3262A584D003BA148 /* Frameworks */ = {
			isa = PBXFrameworksBuildPhase;
			buildActionMask = 2147483647;
			files = (
				0EDA8E132FFFF68AA982DF02 /* Pods_Tweeter.framework in Frameworks */,
			);
			runOnlyForDeploymentPostprocessing = 0;
		};
/* End PBXFrameworksBuildPhase section */

/* Begin PBXGroup section */
		3E864713B603FCC217971387 /* Frameworks */ = {
			isa = PBXGroup;
			children = (
				D2643717DE95DDC7611DF18A /* Pods_Tweeter.framework */,
			);
			name = Frameworks;
			sourceTree = "<group>";
		};
		9B8FB7AD262A584D003BA148 = {
			isa = PBXGroup;
			children = (
				9B8FB7B8262A584D003BA148 /* Tweeter */,
				9B8FB7B7262A584D003BA148 /* Products */,
				D8F6A897DF2EA02C3DBC3846 /* Pods */,
				3E864713B603FCC217971387 /* Frameworks */,
			);
			sourceTree = "<group>";
		};
		9B8FB7B7262A584D003BA148 /* Products */ = {
			isa = PBXGroup;
			children = (
				9B8FB7B6262A584D003BA148 /* Tweeter.app */,
			);
			name = Products;
			sourceTree = "<group>";
		};
		9B8FB7B8262A584D003BA148 /* Tweeter */ = {
			isa = PBXGroup;
			children = (
				9B8FB7C7262A5850003BA148 /* Info.plist */,
				9B8FB7B9262A584D003BA148 /* AppDelegate.swift */,
				9B8FB7BB262A584D003BA148 /* SceneDelegate.swift */,
				9B8FB7D1262A58FB003BA148 /* TweetReactor.swift */,
				9B8FB7D4262A5933003BA148 /* TweetService.swift */,
				9B8FB7BD262A584D003BA148 /* TweetViewController.swift */,
				9B8FB7C2262A5850003BA148 /* Assets.xcassets */,
				9B8FB7C4262A5850003BA148 /* LaunchScreen.storyboard */,
			);
			path = Tweeter;
			sourceTree = "<group>";
		};
		D8F6A897DF2EA02C3DBC3846 /* Pods */ = {
			isa = PBXGroup;
			children = (
				66E1627C4D1F496A58163C9E /* Pods-Tweeter.debug.xcconfig */,
				A5736B4298BC12C5EF7ABEDF /* Pods-Tweeter.release.xcconfig */,
			);
			path = Pods;
			sourceTree = "<group>";
		};
/* End PBXGroup section */

/* Begin PBXNativeTarget section */
		9B8FB7B5262A584D003BA148 /* Tweeter */ = {
			isa = PBXNativeTarget;
			buildConfigurationList = 9B8FB7CA262A5850003BA148 /* Build configuration list for PBXNativeTarget "Tweeter" */;
			buildPhases = (
				B15064FEB7261B85D75822A1 /* [CP] Check Pods Manifest.lock */,
				9B8FB7B2262A584D003BA148 /* Sources */,
				9B8FB7B3262A584D003BA148 /* Frameworks */,
				9B8FB7B4262A584D003BA148 /* Resources */,
				D4A2475BFE0F1569862099A9 /* [CP] Embed Pods Frameworks */,
			);
			buildRules = (
			);
			dependencies = (
			);
			name = Tweeter;
			productName = Tweeter;
			productReference = 9B8FB7B6262A584D003BA148 /* Tweeter.app */;
			productType = "com.apple.product-type.application";
		};
/* End PBXNativeTarget section */

/* Begin PBXProject section */
		9B8FB7AE262A584D003BA148 /* Project object */ = {
			isa = PBXProject;
			attributes = {
				LastSwiftUpdateCheck = 1240;
				LastUpgradeCheck = 1240;
				TargetAttributes = {
					9B8FB7B5262A584D003BA148 = {
						CreatedOnToolsVersion = 12.4;
					};
				};
			};
			buildConfigurationList = 9B8FB7B1262A584D003BA148 /* Build configuration list for PBXProject "Tweeter" */;
			compatibilityVersion = "Xcode 9.3";
			developmentRegion = en;
			hasScannedForEncodings = 0;
			knownRegions = (
				en,
				Base,
			);
			mainGroup = 9B8FB7AD262A584D003BA148;
			productRefGroup = 9B8FB7B7262A584D003BA148 /* Products */;
			projectDirPath = "";
			projectRoot = "";
			targets = (
				9B8FB7B5262A584D003BA148 /* Tweeter */,
			);
		};
/* End PBXProject section */

/* Begin PBXResourcesBuildPhase section */
		9B8FB7B4262A584D003BA148 /* Resources */ = {
			isa = PBXResourcesBuildPhase;
			buildActionMask = 2147483647;
			files = (
				9B8FB7C6262A5850003BA148 /* LaunchScreen.storyboard in Resources */,
				9B8FB7C3262A5850003BA148 /* Assets.xcassets in Resources */,
			);
			runOnlyForDeploymentPostprocessing = 0;
		};
/* End PBXResourcesBuildPhase section */

/* Begin PBXShellScriptBuildPhase section */
		B15064FEB7261B85D75822A1 /* [CP] Check Pods Manifest.lock */ = {
			isa = PBXShellScriptBuildPhase;
			buildActionMask = 2147483647;
			files = (
			);
			inputFileListPaths = (
			);
			inputPaths = (
				"${PODS_PODFILE_DIR_PATH}/Podfile.lock",
				"${PODS_ROOT}/Manifest.lock",
			);
			name = "[CP] Check Pods Manifest.lock";
			outputFileListPaths = (
			);
			outputPaths = (
				"$(DERIVED_FILE_DIR)/Pods-Tweeter-checkManifestLockResult.txt",
			);
			runOnlyForDeploymentPostprocessing = 0;
			shellPath = /bin/sh;
			shellScript = "diff \"${PODS_PODFILE_DIR_PATH}/Podfile.lock\" \"${PODS_ROOT}/Manifest.lock\" > /dev/null\nif [ $? != 0 ] ; then\n    # print error to STDERR\n    echo \"error: The sandbox is not in sync with the Podfile.lock. Run 'pod install' or update your CocoaPods installation.\" >&2\n    exit 1\nfi\n# This output is used by Xcode 'outputs' to avoid re-running this script phase.\necho \"SUCCESS\" > \"${SCRIPT_OUTPUT_FILE_0}\"\n";
			showEnvVarsInLog = 0;
		};
		D4A2475BFE0F1569862099A9 /* [CP] Embed Pods Frameworks */ = {
			isa = PBXShellScriptBuildPhase;
			buildActionMask = 2147483647;
			files = (
			);
			inputFileListPaths = (
				"${PODS_ROOT}/Target Support Files/Pods-Tweeter/Pods-Tweeter-frameworks-${CONFIGURATION}-input-files.xcfilelist",
			);
			name = "[CP] Embed Pods Frameworks";
			outputFileListPaths = (
				"${PODS_ROOT}/Target Support Files/Pods-Tweeter/Pods-Tweeter-frameworks-${CONFIGURATION}-output-files.xcfilelist",
			);
			runOnlyForDeploymentPostprocessing = 0;
			shellPath = /bin/sh;
			shellScript = "\"${PODS_ROOT}/Target Support Files/Pods-Tweeter/Pods-Tweeter-frameworks.sh\"\n";
			showEnvVarsInLog = 0;
		};
/* End PBXShellScriptBuildPhase section */

/* Begin PBXSourcesBuildPhase section */
		9B8FB7B2262A584D003BA148 /* Sources */ = {
			isa = PBXSourcesBuildPhase;
			buildActionMask = 2147483647;
			files = (
				9B8FB7BE262A584D003BA148 /* TweetViewController.swift in Sources */,
				9B8FB7BA262A584D003BA148 /* AppDelegate.swift in Sources */,
				9B8FB7D2262A58FB003BA148 /* TweetReactor.swift in Sources */,
				9B8FB7BC262A584D003BA148 /* SceneDelegate.swift in Sources */,
				9B8FB7D5262A5933003BA148 /* TweetService.swift in Sources */,
			);
			runOnlyForDeploymentPostprocessing = 0;
		};
/* End PBXSourcesBuildPhase section */

/* Begin PBXVariantGroup section */
		9B8FB7C4262A5850003BA148 /* LaunchScreen.storyboard */ = {
			isa = PBXVariantGroup;
			children = (
				9B8FB7C5262A5850003BA148 /* Base */,
			);
			name = LaunchScreen.storyboard;
			sourceTree = "<group>";
		};
/* End PBXVariantGroup section */

/* Begin XCBuildConfiguration section */
		9B8FB7C8262A5850003BA148 /* Debug */ = {
			isa = XCBuildConfiguration;
			buildSettings = {
				ALWAYS_SEARCH_USER_PATHS = NO;
				CLANG_ANALYZER_NONNULL = YES;
				CLANG_ANALYZER_NUMBER_OBJECT_CONVERSION = YES_AGGRESSIVE;
				CLANG_CXX_LANGUAGE_STANDARD = "gnu++14";
				CLANG_CXX_LIBRARY = "libc++";
				CLANG_ENABLE_MODULES = YES;
				CLANG_ENABLE_OBJC_ARC = YES;
				CLANG_ENABLE_OBJC_WEAK = YES;
				CLANG_WARN_BLOCK_CAPTURE_AUTORELEASING = YES;
				CLANG_WARN_BOOL_CONVERSION = YES;
				CLANG_WARN_COMMA = YES;
				CLANG_WARN_CONSTANT_CONVERSION = YES;
				CLANG_WARN_DEPRECATED_OBJC_IMPLEMENTATIONS = YES;
				CLANG_WARN_DIRECT_OBJC_ISA_USAGE = YES_ERROR;
				CLANG_WARN_DOCUMENTATION_COMMENTS = YES;
				CLANG_WARN_EMPTY_BODY = YES;
				CLANG_WARN_ENUM_CONVERSION = YES;
				CLANG_WARN_INFINITE_RECURSION = YES;
				CLANG_WARN_INT_CONVERSION = YES;
				CLANG_WARN_NON_LITERAL_NULL_CONVERSION = YES;
				CLANG_WARN_OBJC_IMPLICIT_RETAIN_SELF = YES;
				CLANG_WARN_OBJC_LITERAL_CONVERSION = YES;
				CLANG_WARN_OBJC_ROOT_CLASS = YES_ERROR;
				CLANG_WARN_QUOTED_INCLUDE_IN_FRAMEWORK_HEADER = YES;
				CLANG_WARN_RANGE_LOOP_ANALYSIS = YES;
				CLANG_WARN_STRICT_PROTOTYPES = YES;
				CLANG_WARN_SUSPICIOUS_MOVE = YES;
				CLANG_WARN_UNGUARDED_AVAILABILITY = YES_AGGRESSIVE;
				CLANG_WARN_UNREACHABLE_CODE = YES;
				CLANG_WARN__DUPLICATE_METHOD_MATCH = YES;
				COPY_PHASE_STRIP = NO;
				DEBUG_INFORMATION_FORMAT = dwarf;
				ENABLE_STRICT_OBJC_MSGSEND = YES;
				ENABLE_TESTABILITY = YES;
				GCC_C_LANGUAGE_STANDARD = gnu11;
				GCC_DYNAMIC_NO_PIC = NO;
				GCC_NO_COMMON_BLOCKS = YES;
				GCC_OPTIMIZATION_LEVEL = 0;
				GCC_PREPROCESSOR_DEFINITIONS = (
					"DEBUG=1",
					"$(inherited)",
				);
				GCC_WARN_64_TO_32_BIT_CONVERSION = YES;
				GCC_WARN_ABOUT_RETURN_TYPE = YES_ERROR;
				GCC_WARN_UNDECLARED_SELECTOR = YES;
				GCC_WARN_UNINITIALIZED_AUTOS = YES_AGGRESSIVE;
				GCC_WARN_UNUSED_FUNCTION = YES;
				GCC_WARN_UNUSED_VARIABLE = YES;
				IPHONEOS_DEPLOYMENT_TARGET = 14.4;
				MTL_ENABLE_DEBUG_INFO = INCLUDE_SOURCE;
				MTL_FAST_MATH = YES;
				ONLY_ACTIVE_ARCH = YES;
				SDKROOT = iphoneos;
				SWIFT_ACTIVE_COMPILATION_CONDITIONS = DEBUG;
				SWIFT_OPTIMIZATION_LEVEL = "-Onone";
			};
			name = Debug;
		};
		9B8FB7C9262A5850003BA148 /* Release */ = {
			isa = XCBuildConfiguration;
			buildSettings = {
				ALWAYS_SEARCH_USER_PATHS = NO;
				CLANG_ANALYZER_NONNULL = YES;
				CLANG_ANALYZER_NUMBER_OBJECT_CONVERSION = YES_AGGRESSIVE;
				CLANG_CXX_LANGUAGE_STANDARD = "gnu++14";
				CLANG_CXX_LIBRARY = "libc++";
				CLANG_ENABLE_MODULES = YES;
				CLANG_ENABLE_OBJC_ARC = YES;
				CLANG_ENABLE_OBJC_WEAK = YES;
				CLANG_WARN_BLOCK_CAPTURE_AUTORELEASING = YES;
				CLANG_WARN_BOOL_CONVERSION = YES;
				CLANG_WARN_COMMA = YES;
				CLANG_WARN_CONSTANT_CONVERSION = YES;
				CLANG_WARN_DEPRECATED_OBJC_IMPLEMENTATIONS = YES;
				CLANG_WARN_DIRECT_OBJC_ISA_USAGE = YES_ERROR;
				CLANG_WARN_DOCUMENTATION_COMMENTS = YES;
				CLANG_WARN_EMPTY_BODY = YES;
				CLANG_WARN_ENUM_CONVERSION = YES;
				CLANG_WARN_INFINITE_RECURSION = YES;
				CLANG_WARN_INT_CONVERSION = YES;
				CLANG_WARN_NON_LITERAL_NULL_CONVERSION = YES;
				CLANG_WARN_OBJC_IMPLICIT_RETAIN_SELF = YES;
				CLANG_WARN_OBJC_LITERAL_CONVERSION = YES;
				CLANG_WARN_OBJC_ROOT_CLASS = YES_ERROR;
				CLANG_WARN_QUOTED_INCLUDE_IN_FRAMEWORK_HEADER = YES;
				CLANG_WARN_RANGE_LOOP_ANALYSIS = YES;
				CLANG_WARN_STRICT_PROTOTYPES = YES;
				CLANG_WARN_SUSPICIOUS_MOVE = YES;
				CLANG_WARN_UNGUARDED_AVAILABILITY = YES_AGGRESSIVE;
				CLANG_WARN_UNREACHABLE_CODE = YES;
				CLANG_WARN__DUPLICATE_METHOD_MATCH = YES;
				COPY_PHASE_STRIP = NO;
				DEBUG_INFORMATION_FORMAT = "dwarf-with-dsym";
				ENABLE_NS_ASSERTIONS = NO;
				ENABLE_STRICT_OBJC_MSGSEND = YES;
				GCC_C_LANGUAGE_STANDARD = gnu11;
				GCC_NO_COMMON_BLOCKS = YES;
				GCC_WARN_64_TO_32_BIT_CONVERSION = YES;
				GCC_WARN_ABOUT_RETURN_TYPE = YES_ERROR;
				GCC_WARN_UNDECLARED_SELECTOR = YES;
				GCC_WARN_UNINITIALIZED_AUTOS = YES_AGGRESSIVE;
				GCC_WARN_UNUSED_FUNCTION = YES;
				GCC_WARN_UNUSED_VARIABLE = YES;
				IPHONEOS_DEPLOYMENT_TARGET = 14.4;
				MTL_ENABLE_DEBUG_INFO = NO;
				MTL_FAST_MATH = YES;
				SDKROOT = iphoneos;
				SWIFT_COMPILATION_MODE = wholemodule;
				SWIFT_OPTIMIZATION_LEVEL = "-O";
				VALIDATE_PRODUCT = YES;
			};
			name = Release;
		};
		9B8FB7CB262A5850003BA148 /* Debug */ = {
			isa = XCBuildConfiguration;
			baseConfigurationReference = 66E1627C4D1F496A58163C9E /* Pods-Tweeter.debug.xcconfig */;
			buildSettings = {
				ASSETCATALOG_COMPILER_APPICON_NAME = AppIcon;
				ASSETCATALOG_COMPILER_GLOBAL_ACCENT_COLOR_NAME = AccentColor;
				CODE_SIGN_STYLE = Automatic;
				INFOPLIST_FILE = Tweeter/Info.plist;
				IPHONEOS_DEPLOYMENT_TARGET = 13.0;
				LD_RUNPATH_SEARCH_PATHS = (
					"$(inherited)",
					"@executable_path/Frameworks",
				);
				PRODUCT_BUNDLE_IDENTIFIER = io.github.jesterz91.Tweeter;
				PRODUCT_NAME = "$(TARGET_NAME)";
				SWIFT_VERSION = 5.0;
				TARGETED_DEVICE_FAMILY = 1;
			};
			name = Debug;
		};
		9B8FB7CC262A5850003BA148 /* Release */ = {
			isa = XCBuildConfiguration;
			baseConfigurationReference = A5736B4298BC12C5EF7ABEDF /* Pods-Tweeter.release.xcconfig */;
			buildSettings = {
				ASSETCATALOG_COMPILER_APPICON_NAME = AppIcon;
				ASSETCATALOG_COMPILER_GLOBAL_ACCENT_COLOR_NAME = AccentColor;
				CODE_SIGN_STYLE = Automatic;
				INFOPLIST_FILE = Tweeter/Info.plist;
				IPHONEOS_DEPLOYMENT_TARGET = 13.0;
				LD_RUNPATH_SEARCH_PATHS = (
					"$(inherited)",
					"@executable_path/Frameworks",
				);
				PRODUCT_BUNDLE_IDENTIFIER = io.github.jesterz91.Tweeter;
				PRODUCT_NAME = "$(TARGET_NAME)";
				SWIFT_VERSION = 5.0;
				TARGETED_DEVICE_FAMILY = 1;
			};
			name = Release;
		};
/* End XCBuildConfiguration section */

/* Begin XCConfigurationList section */
		9B8FB7B1262A584D003BA148 /* Build configuration list for PBXProject "Tweeter" */ = {
			isa = XCConfigurationList;
			buildConfigurations = (
				9B8FB7C8262A5850003BA148 /* Debug */,
				9B8FB7C9262A5850003BA148 /* Release */,
			);
			defaultConfigurationIsVisible = 0;
			defaultConfigurationName = Release;
		};
		9B8FB7CA262A5850003BA148 /* Build configuration list for PBXNativeTarget "Tweeter" */ = {
			isa = XCConfigurationList;
			buildConfigurations = (
				9B8FB7CB262A5850003BA148 /* Debug */,
				9B8FB7CC262A5850003BA148 /* Release */,
			);
			defaultConfigurationIsVisible = 0;
			defaultConfigurationName = Release;
		};
/* End XCConfigurationList section */
	};
	rootObject = 9B8FB7AE262A584D003BA148 /* Project object */;
}
