// !$*UTF8*$!
{
	archiveVersion = 1;
	classes = {
	};
	objectVersion = 51;
	objects = {

/* Begin PBXBuildFile section */
		4BB29742E2E32E556DCEE2F6 /* Pods_NaverLogin.framework in Frameworks */ = {isa = PBXBuildFile; fileRef = 090FA57A051D4948C72EDED7 /* Pods_NaverLogin.framework */; };
		9B27C85225E157F4005724F2 /* AppDelegate.swift in Sources */ = {isa = PBXBuildFile; fileRef = 9B27C85125E157F4005724F2 /* AppDelegate.swift */; };
		9B27C85425E157F4005724F2 /* SceneDelegate.swift in Sources */ = {isa = PBXBuildFile; fileRef = 9B27C85325E157F4005724F2 /* SceneDelegate.swift */; };
		9B27C85625E157F4005724F2 /* ViewController.swift in Sources */ = {isa = PBXBuildFile; fileRef = 9B27C85525E157F4005724F2 /* ViewController.swift */; };
		9B27C85B25E157F6005724F2 /* Assets.xcassets in Resources */ = {isa = PBXBuildFile; fileRef = 9B27C85A25E157F6005724F2 /* Assets.xcassets */; };
		9B27C85E25E157F6005724F2 /* LaunchScreen.storyboard in Resources */ = {isa = PBXBuildFile; fileRef = 9B27C85C25E157F6005724F2 /* LaunchScreen.storyboard */; };
		9B27C86C25E15EC7005724F2 /* Extension+UIImage.swift in Sources */ = {isa = PBXBuildFile; fileRef = 9B27C86B25E15EC7005724F2 /* Extension+UIImage.swift */; };
		9B27C87525E17CDB005724F2 /* NaverLoginResponse.swift in Sources */ = {isa = PBXBuildFile; fileRef = 9B27C87425E17CDB005724F2 /* NaverLoginResponse.swift */; };
/* End PBXBuildFile section */

/* Begin PBXFileReference section */
		090FA57A051D4948C72EDED7 /* Pods_NaverLogin.framework */ = {isa = PBXFileReference; explicitFileType = wrapper.framework; includeInIndex = 0; path = Pods_NaverLogin.framework; sourceTree = BUILT_PRODUCTS_DIR; };
		9A69280D248BA0E316A1C968 /* Pods-NaverLogin.release.xcconfig */ = {isa = PBXFileReference; includeInIndex = 1; lastKnownFileType = text.xcconfig; name = "Pods-NaverLogin.release.xcconfig"; path = "Target Support Files/Pods-NaverLogin/Pods-NaverLogin.release.xcconfig"; sourceTree = "<group>"; };
		9B27C84E25E157F4005724F2 /* NaverLogin.app */ = {isa = PBXFileReference; explicitFileType = wrapper.application; includeInIndex = 0; path = NaverLogin.app; sourceTree = BUILT_PRODUCTS_DIR; };
		9B27C85125E157F4005724F2 /* AppDelegate.swift */ = {isa = PBXFileReference; lastKnownFileType = sourcecode.swift; path = AppDelegate.swift; sourceTree = "<group>"; };
		9B27C85325E157F4005724F2 /* SceneDelegate.swift */ = {isa = PBXFileReference; lastKnownFileType = sourcecode.swift; path = SceneDelegate.swift; sourceTree = "<group>"; };
		9B27C85525E157F4005724F2 /* ViewController.swift */ = {isa = PBXFileReference; lastKnownFileType = sourcecode.swift; path = ViewController.swift; sourceTree = "<group>"; };
		9B27C85A25E157F6005724F2 /* Assets.xcassets */ = {isa = PBXFileReference; lastKnownFileType = folder.assetcatalog; path = Assets.xcassets; sourceTree = "<group>"; };
		9B27C85D25E157F6005724F2 /* Base */ = {isa = PBXFileReference; lastKnownFileType = file.storyboard; name = Base; path = Base.lproj/LaunchScreen.storyboard; sourceTree = "<group>"; };
		9B27C85F25E157F6005724F2 /* Info.plist */ = {isa = PBXFileReference; lastKnownFileType = text.plist.xml; path = Info.plist; sourceTree = "<group>"; };
		9B27C86B25E15EC7005724F2 /* Extension+UIImage.swift */ = {isa = PBXFileReference; lastKnownFileType = sourcecode.swift; path = "Extension+UIImage.swift"; sourceTree = "<group>"; };
		9B27C87425E17CDB005724F2 /* NaverLoginResponse.swift */ = {isa = PBXFileReference; lastKnownFileType = sourcecode.swift; path = NaverLoginResponse.swift; sourceTree = "<group>"; };
		D9AC9A8EB9FE9A7DCE94B530 /* Pods-NaverLogin.debug.xcconfig */ = {isa = PBXFileReference; includeInIndex = 1; lastKnownFileType = text.xcconfig; name = "Pods-NaverLogin.debug.xcconfig"; path = "Target Support Files/Pods-NaverLogin/Pods-NaverLogin.debug.xcconfig"; sourceTree = "<group>"; };
/* End PBXFileReference section */

/* Begin PBXFrameworksBuildPhase section */
		9B27C84B25E157F4005724F2 /* Frameworks */ = {
			isa = PBXFrameworksBuildPhase;
			buildActionMask = 2147483647;
			files = (
				4BB29742E2E32E556DCEE2F6 /* Pods_NaverLogin.framework in Frameworks */,
			);
			runOnlyForDeploymentPostprocessing = 0;
		};
/* End PBXFrameworksBuildPhase section */

/* Begin PBXGroup section */
		1CA7139FDE7A7DBFC7CD0AA9 /* Frameworks */ = {
			isa = PBXGroup;
			children = (
				090FA57A051D4948C72EDED7 /* Pods_NaverLogin.framework */,
			);
			name = Frameworks;
			sourceTree = "<group>";
		};
		1CFC2867893911D8B7DBA138 /* Pods */ = {
			isa = PBXGroup;
			children = (
				D9AC9A8EB9FE9A7DCE94B530 /* Pods-NaverLogin.debug.xcconfig */,
				9A69280D248BA0E316A1C968 /* Pods-NaverLogin.release.xcconfig */,
			);
			path = Pods;
			sourceTree = "<group>";
		};
		9B27C84525E157F4005724F2 = {
			isa = PBXGroup;
			children = (
				9B27C85025E157F4005724F2 /* NaverLogin */,
				9B27C84F25E157F4005724F2 /* Products */,
				1CFC2867893911D8B7DBA138 /* Pods */,
				1CA7139FDE7A7DBFC7CD0AA9 /* Frameworks */,
			);
			sourceTree = "<group>";
		};
		9B27C84F25E157F4005724F2 /* Products */ = {
			isa = PBXGroup;
			children = (
				9B27C84E25E157F4005724F2 /* NaverLogin.app */,
			);
			name = Products;
			sourceTree = "<group>";
		};
		9B27C85025E157F4005724F2 /* NaverLogin */ = {
			isa = PBXGroup;
			children = (
				9B27C85125E157F4005724F2 /* AppDelegate.swift */,
				9B27C85325E157F4005724F2 /* SceneDelegate.swift */,
				9B27C85525E157F4005724F2 /* ViewController.swift */,
				9B27C85A25E157F6005724F2 /* Assets.xcassets */,
				9B27C85C25E157F6005724F2 /* LaunchScreen.storyboard */,
				9B27C85F25E157F6005724F2 /* Info.plist */,
				9B27C86B25E15EC7005724F2 /* Extension+UIImage.swift */,
				9B27C87425E17CDB005724F2 /* NaverLoginResponse.swift */,
			);
			path = NaverLogin;
			sourceTree = "<group>";
		};
/* End PBXGroup section */

/* Begin PBXNativeTarget section */
		9B27C84D25E157F4005724F2 /* NaverLogin */ = {
			isa = PBXNativeTarget;
			buildConfigurationList = 9B27C86225E157F6005724F2 /* Build configuration list for PBXNativeTarget "NaverLogin" */;
			buildPhases = (
				F5CF29866CF7F848C8B2448E /* [CP] Check Pods Manifest.lock */,
				9B27C84A25E157F4005724F2 /* Sources */,
				9B27C84B25E157F4005724F2 /* Frameworks */,
				9B27C84C25E157F4005724F2 /* Resources */,
				58A57CE4A3DE716BCA777EB1 /* [CP] Embed Pods Frameworks */,
			);
			buildRules = (
			);
			dependencies = (
			);
			name = NaverLogin;
			productName = NaverLogin;
			productReference = 9B27C84E25E157F4005724F2 /* NaverLogin.app */;
			productType = "com.apple.product-type.application";
		};
/* End PBXNativeTarget section */

/* Begin PBXProject section */
		9B27C84625E157F4005724F2 /* Project object */ = {
			isa = PBXProject;
			attributes = {
				LastSwiftUpdateCheck = 1240;
				LastUpgradeCheck = 1240;
				TargetAttributes = {
					9B27C84D25E157F4005724F2 = {
						CreatedOnToolsVersion = 12.4;
					};
				};
			};
			buildConfigurationList = 9B27C84925E157F4005724F2 /* Build configuration list for PBXProject "NaverLogin" */;
			compatibilityVersion = "Xcode 9.3";
			developmentRegion = en;
			hasScannedForEncodings = 0;
			knownRegions = (
				en,
				Base,
			);
			mainGroup = 9B27C84525E157F4005724F2;
			productRefGroup = 9B27C84F25E157F4005724F2 /* Products */;
			projectDirPath = "";
			projectRoot = "";
			targets = (
				9B27C84D25E157F4005724F2 /* NaverLogin */,
			);
		};
/* End PBXProject section */

/* Begin PBXResourcesBuildPhase section */
		9B27C84C25E157F4005724F2 /* Resources */ = {
			isa = PBXResourcesBuildPhase;
			buildActionMask = 2147483647;
			files = (
				9B27C85E25E157F6005724F2 /* LaunchScreen.storyboard in Resources */,
				9B27C85B25E157F6005724F2 /* Assets.xcassets in Resources */,
			);
			runOnlyForDeploymentPostprocessing = 0;
		};
/* End PBXResourcesBuildPhase section */

/* Begin PBXShellScriptBuildPhase section */
		58A57CE4A3DE716BCA777EB1 /* [CP] Embed Pods Frameworks */ = {
			isa = PBXShellScriptBuildPhase;
			buildActionMask = 2147483647;
			files = (
			);
			inputFileListPaths = (
				"${PODS_ROOT}/Target Support Files/Pods-NaverLogin/Pods-NaverLogin-frameworks-${CONFIGURATION}-input-files.xcfilelist",
			);
			name = "[CP] Embed Pods Frameworks";
			outputFileListPaths = (
				"${PODS_ROOT}/Target Support Files/Pods-NaverLogin/Pods-NaverLogin-frameworks-${CONFIGURATION}-output-files.xcfilelist",
			);
			runOnlyForDeploymentPostprocessing = 0;
			shellPath = /bin/sh;
			shellScript = "\"${PODS_ROOT}/Target Support Files/Pods-NaverLogin/Pods-NaverLogin-frameworks.sh\"\n";
			showEnvVarsInLog = 0;
		};
		F5CF29866CF7F848C8B2448E /* [CP] Check Pods Manifest.lock */ = {
			isa = PBXShellScriptBuildPhase;
			buildActionMask = 2147483647;
			files = (
			);
			inputFileListPaths = (
			);
			inputPaths = (
				"${PODS_PODFILE_DIR_PATH}/Podfile.lock",
				"${PODS_ROOT}/Manifest.lock",
			);
			name = "[CP] Check Pods Manifest.lock";
			outputFileListPaths = (
			);
			outputPaths = (
				"$(DERIVED_FILE_DIR)/Pods-NaverLogin-checkManifestLockResult.txt",
			);
			runOnlyForDeploymentPostprocessing = 0;
			shellPath = /bin/sh;
			shellScript = "diff \"${PODS_PODFILE_DIR_PATH}/Podfile.lock\" \"${PODS_ROOT}/Manifest.lock\" > /dev/null\nif [ $? != 0 ] ; then\n    # print error to STDERR\n    echo \"error: The sandbox is not in sync with the Podfile.lock. Run 'pod install' or update your CocoaPods installation.\" >&2\n    exit 1\nfi\n# This output is used by Xcode 'outputs' to avoid re-running this script phase.\necho \"SUCCESS\" > \"${SCRIPT_OUTPUT_FILE_0}\"\n";
			showEnvVarsInLog = 0;
		};
/* End PBXShellScriptBuildPhase section */

/* Begin PBXSourcesBuildPhase section */
		9B27C84A25E157F4005724F2 /* Sources */ = {
			isa = PBXSourcesBuildPhase;
			buildActionMask = 2147483647;
			files = (
				9B27C85625E157F4005724F2 /* ViewController.swift in Sources */,
				9B27C85225E157F4005724F2 /* AppDelegate.swift in Sources */,
				9B27C87525E17CDB005724F2 /* NaverLoginResponse.swift in Sources */,
				9B27C85425E157F4005724F2 /* SceneDelegate.swift in Sources */,
				9B27C86C25E15EC7005724F2 /* Extension+UIImage.swift in Sources */,
			);
			runOnlyForDeploymentPostprocessing = 0;
		};
/* End PBXSourcesBuildPhase section */

/* Begin PBXVariantGroup section */
		9B27C85C25E157F6005724F2 /* LaunchScreen.storyboard */ = {
			isa = PBXVariantGroup;
			children = (
				9B27C85D25E157F6005724F2 /* Base */,
			);
			name = LaunchScreen.storyboard;
			sourceTree = "<group>";
		};
/* End PBXVariantGroup section */

/* Begin XCBuildConfiguration section */
		9B27C86025E157F6005724F2 /* Debug */ = {
			isa = XCBuildConfiguration;
			buildSettings = {
				ALWAYS_SEARCH_USER_PATHS = NO;
				CLANG_ANALYZER_NONNULL = YES;
				CLANG_ANALYZER_NUMBER_OBJECT_CONVERSION = YES_AGGRESSIVE;
				CLANG_CXX_LANGUAGE_STANDARD = "gnu++14";
				CLANG_CXX_LIBRARY = "libc++";
				CLANG_ENABLE_MODULES = YES;
				CLANG_ENABLE_OBJC_ARC = YES;
				CLANG_ENABLE_OBJC_WEAK = YES;
				CLANG_WARN_BLOCK_CAPTURE_AUTORELEASING = YES;
				CLANG_WARN_BOOL_CONVERSION = YES;
				CLANG_WARN_COMMA = YES;
				CLANG_WARN_CONSTANT_CONVERSION = YES;
				CLANG_WARN_DEPRECATED_OBJC_IMPLEMENTATIONS = YES;
				CLANG_WARN_DIRECT_OBJC_ISA_USAGE = YES_ERROR;
				CLANG_WARN_DOCUMENTATION_COMMENTS = YES;
				CLANG_WARN_EMPTY_BODY = YES;
				CLANG_WARN_ENUM_CONVERSION = YES;
				CLANG_WARN_INFINITE_RECURSION = YES;
				CLANG_WARN_INT_CONVERSION = YES;
				CLANG_WARN_NON_LITERAL_NULL_CONVERSION = YES;
				CLANG_WARN_OBJC_IMPLICIT_RETAIN_SELF = YES;
				CLANG_WARN_OBJC_LITERAL_CONVERSION = YES;
				CLANG_WARN_OBJC_ROOT_CLASS = YES_ERROR;
				CLANG_WARN_QUOTED_INCLUDE_IN_FRAMEWORK_HEADER = YES;
				CLANG_WARN_RANGE_LOOP_ANALYSIS = YES;
				CLANG_WARN_STRICT_PROTOTYPES = YES;
				CLANG_WARN_SUSPICIOUS_MOVE = YES;
				CLANG_WARN_UNGUARDED_AVAILABILITY = YES_AGGRESSIVE;
				CLANG_WARN_UNREACHABLE_CODE = YES;
				CLANG_WARN__DUPLICATE_METHOD_MATCH = YES;
				COPY_PHASE_STRIP = NO;
				DEBUG_INFORMATION_FORMAT = dwarf;
				ENABLE_STRICT_OBJC_MSGSEND = YES;
				ENABLE_TESTABILITY = YES;
				GCC_C_LANGUAGE_STANDARD = gnu11;
				GCC_DYNAMIC_NO_PIC = NO;
				GCC_NO_COMMON_BLOCKS = YES;
				GCC_OPTIMIZATION_LEVEL = 0;
				GCC_PREPROCESSOR_DEFINITIONS = (
					"DEBUG=1",
					"$(inherited)",
				);
				GCC_WARN_64_TO_32_BIT_CONVERSION = YES;
				GCC_WARN_ABOUT_RETURN_TYPE = YES_ERROR;
				GCC_WARN_UNDECLARED_SELECTOR = YES;
				GCC_WARN_UNINITIALIZED_AUTOS = YES_AGGRESSIVE;
				GCC_WARN_UNUSED_FUNCTION = YES;
				GCC_WARN_UNUSED_VARIABLE = YES;
				IPHONEOS_DEPLOYMENT_TARGET = 14.4;
				MTL_ENABLE_DEBUG_INFO = INCLUDE_SOURCE;
				MTL_FAST_MATH = YES;
				ONLY_ACTIVE_ARCH = YES;
				SDKROOT = iphoneos;
				SWIFT_ACTIVE_COMPILATION_CONDITIONS = DEBUG;
				SWIFT_OPTIMIZATION_LEVEL = "-Onone";
			};
			name = Debug;
		};
		9B27C86125E157F6005724F2 /* Release */ = {
			isa = XCBuildConfiguration;
			buildSettings = {
				ALWAYS_SEARCH_USER_PATHS = NO;
				CLANG_ANALYZER_NONNULL = YES;
				CLANG_ANALYZER_NUMBER_OBJECT_CONVERSION = YES_AGGRESSIVE;
				CLANG_CXX_LANGUAGE_STANDARD = "gnu++14";
				CLANG_CXX_LIBRARY = "libc++";
				CLANG_ENABLE_MODULES = YES;
				CLANG_ENABLE_OBJC_ARC = YES;
				CLANG_ENABLE_OBJC_WEAK = YES;
				CLANG_WARN_BLOCK_CAPTURE_AUTORELEASING = YES;
				CLANG_WARN_BOOL_CONVERSION = YES;
				CLANG_WARN_COMMA = YES;
				CLANG_WARN_CONSTANT_CONVERSION = YES;
				CLANG_WARN_DEPRECATED_OBJC_IMPLEMENTATIONS = YES;
				CLANG_WARN_DIRECT_OBJC_ISA_USAGE = YES_ERROR;
				CLANG_WARN_DOCUMENTATION_COMMENTS = YES;
				CLANG_WARN_EMPTY_BODY = YES;
				CLANG_WARN_ENUM_CONVERSION = YES;
				CLANG_WARN_INFINITE_RECURSION = YES;
				CLANG_WARN_INT_CONVERSION = YES;
				CLANG_WARN_NON_LITERAL_NULL_CONVERSION = YES;
				CLANG_WARN_OBJC_IMPLICIT_RETAIN_SELF = YES;
				CLANG_WARN_OBJC_LITERAL_CONVERSION = YES;
				CLANG_WARN_OBJC_ROOT_CLASS = YES_ERROR;
				CLANG_WARN_QUOTED_INCLUDE_IN_FRAMEWORK_HEADER = YES;
				CLANG_WARN_RANGE_LOOP_ANALYSIS = YES;
				CLANG_WARN_STRICT_PROTOTYPES = YES;
				CLANG_WARN_SUSPICIOUS_MOVE = YES;
				CLANG_WARN_UNGUARDED_AVAILABILITY = YES_AGGRESSIVE;
				CLANG_WARN_UNREACHABLE_CODE = YES;
				CLANG_WARN__DUPLICATE_METHOD_MATCH = YES;
				COPY_PHASE_STRIP = NO;
				DEBUG_INFORMATION_FORMAT = "dwarf-with-dsym";
				ENABLE_NS_ASSERTIONS = NO;
				ENABLE_STRICT_OBJC_MSGSEND = YES;
				GCC_C_LANGUAGE_STANDARD = gnu11;
				GCC_NO_COMMON_BLOCKS = YES;
				GCC_WARN_64_TO_32_BIT_CONVERSION = YES;
				GCC_WARN_ABOUT_RETURN_TYPE = YES_ERROR;
				GCC_WARN_UNDECLARED_SELECTOR = YES;
				GCC_WARN_UNINITIALIZED_AUTOS = YES_AGGRESSIVE;
				GCC_WARN_UNUSED_FUNCTION = YES;
				GCC_WARN_UNUSED_VARIABLE = YES;
				IPHONEOS_DEPLOYMENT_TARGET = 14.4;
				MTL_ENABLE_DEBUG_INFO = NO;
				MTL_FAST_MATH = YES;
				SDKROOT = iphoneos;
				SWIFT_COMPILATION_MODE = wholemodule;
				SWIFT_OPTIMIZATION_LEVEL = "-O";
				VALIDATE_PRODUCT = YES;
			};
			name = Release;
		};
		9B27C86325E157F6005724F2 /* Debug */ = {
			isa = XCBuildConfiguration;
			baseConfigurationReference = D9AC9A8EB9FE9A7DCE94B530 /* Pods-NaverLogin.debug.xcconfig */;
			buildSettings = {
				ASSETCATALOG_COMPILER_APPICON_NAME = AppIcon;
				ASSETCATALOG_COMPILER_GLOBAL_ACCENT_COLOR_NAME = AccentColor;
				CODE_SIGN_IDENTITY = "Apple Development";
				CODE_SIGN_STYLE = Manual;
				DEVELOPMENT_TEAM = "";
				INFOPLIST_FILE = NaverLogin/Info.plist;
				IPHONEOS_DEPLOYMENT_TARGET = 13.0;
				LD_RUNPATH_SEARCH_PATHS = (
					"$(inherited)",
					"@executable_path/Frameworks",
				);
				PRODUCT_BUNDLE_IDENTIFIER = io.github.jesterz91.NaverLogin;
				PRODUCT_NAME = "$(TARGET_NAME)";
				PROVISIONING_PROFILE_SPECIFIER = "";
				SWIFT_VERSION = 5.0;
				TARGETED_DEVICE_FAMILY = 1;
			};
			name = Debug;
		};
		9B27C86425E157F6005724F2 /* Release */ = {
			isa = XCBuildConfiguration;
			baseConfigurationReference = 9A69280D248BA0E316A1C968 /* Pods-NaverLogin.release.xcconfig */;
			buildSettings = {
				ASSETCATALOG_COMPILER_APPICON_NAME = AppIcon;
				ASSETCATALOG_COMPILER_GLOBAL_ACCENT_COLOR_NAME = AccentColor;
				CODE_SIGN_IDENTITY = "Apple Development";
				CODE_SIGN_STYLE = Manual;
				DEVELOPMENT_TEAM = "";
				INFOPLIST_FILE = NaverLogin/Info.plist;
				IPHONEOS_DEPLOYMENT_TARGET = 13.0;
				LD_RUNPATH_SEARCH_PATHS = (
					"$(inherited)",
					"@executable_path/Frameworks",
				);
				PRODUCT_BUNDLE_IDENTIFIER = io.github.jesterz91.NaverLogin;
				PRODUCT_NAME = "$(TARGET_NAME)";
				PROVISIONING_PROFILE_SPECIFIER = "";
				SWIFT_VERSION = 5.0;
				TARGETED_DEVICE_FAMILY = 1;
			};
			name = Release;
		};
/* End XCBuildConfiguration section */

/* Begin XCConfigurationList section */
		9B27C84925E157F4005724F2 /* Build configuration list for PBXProject "NaverLogin" */ = {
			isa = XCConfigurationList;
			buildConfigurations = (
				9B27C86025E157F6005724F2 /* Debug */,
				9B27C86125E157F6005724F2 /* Release */,
			);
			defaultConfigurationIsVisible = 0;
			defaultConfigurationName = Release;
		};
		9B27C86225E157F6005724F2 /* Build configuration list for PBXNativeTarget "NaverLogin" */ = {
			isa = XCConfigurationList;
			buildConfigurations = (
				9B27C86325E157F6005724F2 /* Debug */,
				9B27C86425E157F6005724F2 /* Release */,
			);
			defaultConfigurationIsVisible = 0;
			defaultConfigurationName = Release;
		};
/* End XCConfigurationList section */
	};
	rootObject = 9B27C84625E157F4005724F2 /* Project object */;
}
