// !$*UTF8*$!
{
	archiveVersion = 1;
	classes = {
	};
	objectVersion = 51;
	objects = {

/* Begin PBXBuildFile section */
		9BAD8BF126632306001F8B8A /* AppDelegate.swift in Sources */ = {isa = PBXBuildFile; fileRef = 9BAD8BF026632306001F8B8A /* AppDelegate.swift */; };
		9BAD8BF326632306001F8B8A /* SceneDelegate.swift in Sources */ = {isa = PBXBuildFile; fileRef = 9BAD8BF226632306001F8B8A /* SceneDelegate.swift */; };
		9BAD8BF726632308001F8B8A /* Assets.xcassets in Resources */ = {isa = PBXBuildFile; fileRef = 9BAD8BF626632308001F8B8A /* Assets.xcassets */; };
		9BAD8BFD26632308001F8B8A /* LaunchScreen.storyboard in Resources */ = {isa = PBXBuildFile; fileRef = 9BAD8BFB26632308001F8B8A /* LaunchScreen.storyboard */; };
		9BAD8C052663233E001F8B8A /* ViewController.swift in Sources */ = {isa = PBXBuildFile; fileRef = 9BAD8C042663233E001F8B8A /* ViewController.swift */; };
		9BAD8C0826632C63001F8B8A /* GoogleService-Info.plist in Resources */ = {isa = PBXBuildFile; fileRef = 9BAD8C0726632C63001F8B8A /* GoogleService-Info.plist */; };
		B5F64E16B154B0A8261DDC8D /* Pods_Crashlytics.framework in Frameworks */ = {isa = PBXBuildFile; fileRef = 8A8FB2627480F7FB4165A5AE /* Pods_Crashlytics.framework */; };
/* End PBXBuildFile section */

/* Begin PBXFileReference section */
		8A8FB2627480F7FB4165A5AE /* Pods_Crashlytics.framework */ = {isa = PBXFileReference; explicitFileType = wrapper.framework; includeInIndex = 0; path = Pods_Crashlytics.framework; sourceTree = BUILT_PRODUCTS_DIR; };
		9BAD8BED26632306001F8B8A /* Crashlytics.app */ = {isa = PBXFileReference; explicitFileType = wrapper.application; includeInIndex = 0; path = Crashlytics.app; sourceTree = BUILT_PRODUCTS_DIR; };
		9BAD8BF026632306001F8B8A /* AppDelegate.swift */ = {isa = PBXFileReference; lastKnownFileType = sourcecode.swift; path = AppDelegate.swift; sourceTree = "<group>"; };
		9BAD8BF226632306001F8B8A /* SceneDelegate.swift */ = {isa = PBXFileReference; lastKnownFileType = sourcecode.swift; path = SceneDelegate.swift; sourceTree = "<group>"; };
		9BAD8BF626632308001F8B8A /* Assets.xcassets */ = {isa = PBXFileReference; lastKnownFileType = folder.assetcatalog; path = Assets.xcassets; sourceTree = "<group>"; };
		9BAD8BFC26632308001F8B8A /* Base */ = {isa = PBXFileReference; lastKnownFileType = file.storyboard; name = Base; path = Base.lproj/LaunchScreen.storyboard; sourceTree = "<group>"; };
		9BAD8BFE26632308001F8B8A /* Info.plist */ = {isa = PBXFileReference; lastKnownFileType = text.plist.xml; path = Info.plist; sourceTree = "<group>"; };
		9BAD8C042663233E001F8B8A /* ViewController.swift */ = {isa = PBXFileReference; lastKnownFileType = sourcecode.swift; path = ViewController.swift; sourceTree = "<group>"; };
		9BAD8C0726632C63001F8B8A /* GoogleService-Info.plist */ = {isa = PBXFileReference; fileEncoding = 4; lastKnownFileType = text.plist.xml; path = "GoogleService-Info.plist"; sourceTree = "<group>"; };
		AADEAEE29D84F8E2B668499C /* Pods-Crashlytics.release.xcconfig */ = {isa = PBXFileReference; includeInIndex = 1; lastKnownFileType = text.xcconfig; name = "Pods-Crashlytics.release.xcconfig"; path = "Target Support Files/Pods-Crashlytics/Pods-Crashlytics.release.xcconfig"; sourceTree = "<group>"; };
		F23B4C2833089C6C9EE3F5EA /* Pods-Crashlytics.debug.xcconfig */ = {isa = PBXFileReference; includeInIndex = 1; lastKnownFileType = text.xcconfig; name = "Pods-Crashlytics.debug.xcconfig"; path = "Target Support Files/Pods-Crashlytics/Pods-Crashlytics.debug.xcconfig"; sourceTree = "<group>"; };
/* End PBXFileReference section */

/* Begin PBXFrameworksBuildPhase section */
		9BAD8BEA26632306001F8B8A /* Frameworks */ = {
			isa = PBXFrameworksBuildPhase;
			buildActionMask = 2147483647;
			files = (
				B5F64E16B154B0A8261DDC8D /* Pods_Crashlytics.framework in Frameworks */,
			);
			runOnlyForDeploymentPostprocessing = 0;
		};
/* End PBXFrameworksBuildPhase section */

/* Begin PBXGroup section */
		2996CF948627C3EB0945C2DE /* Frameworks */ = {
			isa = PBXGroup;
			children = (
				8A8FB2627480F7FB4165A5AE /* Pods_Crashlytics.framework */,
			);
			name = Frameworks;
			sourceTree = "<group>";
		};
		4FA765F36B0F702AFCD202B3 /* Pods */ = {
			isa = PBXGroup;
			children = (
				F23B4C2833089C6C9EE3F5EA /* Pods-Crashlytics.debug.xcconfig */,
				AADEAEE29D84F8E2B668499C /* Pods-Crashlytics.release.xcconfig */,
			);
			path = Pods;
			sourceTree = "<group>";
		};
		9BAD8BE426632306001F8B8A = {
			isa = PBXGroup;
			children = (
				9BAD8BEF26632306001F8B8A /* Crashlytics */,
				9BAD8BEE26632306001F8B8A /* Products */,
				4FA765F36B0F702AFCD202B3 /* Pods */,
				2996CF948627C3EB0945C2DE /* Frameworks */,
			);
			sourceTree = "<group>";
		};
		9BAD8BEE26632306001F8B8A /* Products */ = {
			isa = PBXGroup;
			children = (
				9BAD8BED26632306001F8B8A /* Crashlytics.app */,
			);
			name = Products;
			sourceTree = "<group>";
		};
		9BAD8BEF26632306001F8B8A /* Crashlytics */ = {
			isa = PBXGroup;
			children = (
				9BAD8C0726632C63001F8B8A /* GoogleService-Info.plist */,
				9BAD8BFE26632308001F8B8A /* Info.plist */,
				9BAD8BF026632306001F8B8A /* AppDelegate.swift */,
				9BAD8BF226632306001F8B8A /* SceneDelegate.swift */,
				9BAD8C042663233E001F8B8A /* ViewController.swift */,
				9BAD8BF626632308001F8B8A /* Assets.xcassets */,
				9BAD8BFB26632308001F8B8A /* LaunchScreen.storyboard */,
			);
			path = Crashlytics;
			sourceTree = "<group>";
		};
/* End PBXGroup section */

/* Begin PBXNativeTarget section */
		9BAD8BEC26632306001F8B8A /* Crashlytics */ = {
			isa = PBXNativeTarget;
			buildConfigurationList = 9BAD8C0126632308001F8B8A /* Build configuration list for PBXNativeTarget "Crashlytics" */;
			buildPhases = (
				6C2D23312718FF611AC990EE /* [CP] Check Pods Manifest.lock */,
				9BAD8BE926632306001F8B8A /* Sources */,
				9BAD8BEA26632306001F8B8A /* Frameworks */,
				9BAD8BEB26632306001F8B8A /* Resources */,
				6C6140E9979CF080F28A73F0 /* [CP] Embed Pods Frameworks */,
				9BAD8C0626632707001F8B8A /* ShellScript */,
			);
			buildRules = (
			);
			dependencies = (
			);
			name = Crashlytics;
			productName = Crashlytics;
			productReference = 9BAD8BED26632306001F8B8A /* Crashlytics.app */;
			productType = "com.apple.product-type.application";
		};
/* End PBXNativeTarget section */

/* Begin PBXProject section */
		9BAD8BE526632306001F8B8A /* Project object */ = {
			isa = PBXProject;
			attributes = {
				LastSwiftUpdateCheck = 1250;
				LastUpgradeCheck = 1250;
				TargetAttributes = {
					9BAD8BEC26632306001F8B8A = {
						CreatedOnToolsVersion = 12.5;
					};
				};
			};
			buildConfigurationList = 9BAD8BE826632306001F8B8A /* Build configuration list for PBXProject "Crashlytics" */;
			compatibilityVersion = "Xcode 9.3";
			developmentRegion = en;
			hasScannedForEncodings = 0;
			knownRegions = (
				en,
				Base,
			);
			mainGroup = 9BAD8BE426632306001F8B8A;
			productRefGroup = 9BAD8BEE26632306001F8B8A /* Products */;
			projectDirPath = "";
			projectRoot = "";
			targets = (
				9BAD8BEC26632306001F8B8A /* Crashlytics */,
			);
		};
/* End PBXProject section */

/* Begin PBXResourcesBuildPhase section */
		9BAD8BEB26632306001F8B8A /* Resources */ = {
			isa = PBXResourcesBuildPhase;
			buildActionMask = 2147483647;
			files = (
				9BAD8BFD26632308001F8B8A /* LaunchScreen.storyboard in Resources */,
				9BAD8BF726632308001F8B8A /* Assets.xcassets in Resources */,
				9BAD8C0826632C63001F8B8A /* GoogleService-Info.plist in Resources */,
			);
			runOnlyForDeploymentPostprocessing = 0;
		};
/* End PBXResourcesBuildPhase section */

/* Begin PBXShellScriptBuildPhase section */
		6C2D23312718FF611AC990EE /* [CP] Check Pods Manifest.lock */ = {
			isa = PBXShellScriptBuildPhase;
			buildActionMask = 2147483647;
			files = (
			);
			inputFileListPaths = (
			);
			inputPaths = (
				"${PODS_PODFILE_DIR_PATH}/Podfile.lock",
				"${PODS_ROOT}/Manifest.lock",
			);
			name = "[CP] Check Pods Manifest.lock";
			outputFileListPaths = (
			);
			outputPaths = (
				"$(DERIVED_FILE_DIR)/Pods-Crashlytics-checkManifestLockResult.txt",
			);
			runOnlyForDeploymentPostprocessing = 0;
			shellPath = /bin/sh;
			shellScript = "diff \"${PODS_PODFILE_DIR_PATH}/Podfile.lock\" \"${PODS_ROOT}/Manifest.lock\" > /dev/null\nif [ $? != 0 ] ; then\n    # print error to STDERR\n    echo \"error: The sandbox is not in sync with the Podfile.lock. Run 'pod install' or update your CocoaPods installation.\" >&2\n    exit 1\nfi\n# This output is used by Xcode 'outputs' to avoid re-running this script phase.\necho \"SUCCESS\" > \"${SCRIPT_OUTPUT_FILE_0}\"\n";
			showEnvVarsInLog = 0;
		};
		6C6140E9979CF080F28A73F0 /* [CP] Embed Pods Frameworks */ = {
			isa = PBXShellScriptBuildPhase;
			buildActionMask = 2147483647;
			files = (
			);
			inputFileListPaths = (
				"${PODS_ROOT}/Target Support Files/Pods-Crashlytics/Pods-Crashlytics-frameworks-${CONFIGURATION}-input-files.xcfilelist",
			);
			name = "[CP] Embed Pods Frameworks";
			outputFileListPaths = (
				"${PODS_ROOT}/Target Support Files/Pods-Crashlytics/Pods-Crashlytics-frameworks-${CONFIGURATION}-output-files.xcfilelist",
			);
			runOnlyForDeploymentPostprocessing = 0;
			shellPath = /bin/sh;
			shellScript = "\"${PODS_ROOT}/Target Support Files/Pods-Crashlytics/Pods-Crashlytics-frameworks.sh\"\n";
			showEnvVarsInLog = 0;
		};
		9BAD8C0626632707001F8B8A /* ShellScript */ = {
			isa = PBXShellScriptBuildPhase;
			buildActionMask = 2147483647;
			files = (
			);
			inputFileListPaths = (
			);
			inputPaths = (
				"$(SRCROOT)/$(BUILT_PRODUCTS_DIR)/$(INFOPLIST_PATH)",
				"${DWARF_DSYM_FOLDER_PATH}/${DWARF_DSYM_FILE_NAME}/Contents/Resources/DWARF/${TARGET_NAME}",
			);
			outputFileListPaths = (
			);
			outputPaths = (
			);
			runOnlyForDeploymentPostprocessing = 0;
			shellPath = /bin/sh;
			shellScript = "# Type a script or drag a script file from your workspace to insert its path.\n\"${PODS_ROOT}/FirebaseCrashlytics/run\"\n";
		};
/* End PBXShellScriptBuildPhase section */

/* Begin PBXSourcesBuildPhase section */
		9BAD8BE926632306001F8B8A /* Sources */ = {
			isa = PBXSourcesBuildPhase;
			buildActionMask = 2147483647;
			files = (
				9BAD8BF126632306001F8B8A /* AppDelegate.swift in Sources */,
				9BAD8BF326632306001F8B8A /* SceneDelegate.swift in Sources */,
				9BAD8C052663233E001F8B8A /* ViewController.swift in Sources */,
			);
			runOnlyForDeploymentPostprocessing = 0;
		};
/* End PBXSourcesBuildPhase section */

/* Begin PBXVariantGroup section */
		9BAD8BFB26632308001F8B8A /* LaunchScreen.storyboard */ = {
			isa = PBXVariantGroup;
			children = (
				9BAD8BFC26632308001F8B8A /* Base */,
			);
			name = LaunchScreen.storyboard;
			sourceTree = "<group>";
		};
/* End PBXVariantGroup section */

/* Begin XCBuildConfiguration section */
		9BAD8BFF26632308001F8B8A /* Debug */ = {
			isa = XCBuildConfiguration;
			buildSettings = {
				ALWAYS_SEARCH_USER_PATHS = NO;
				CLANG_ANALYZER_NONNULL = YES;
				CLANG_ANALYZER_NUMBER_OBJECT_CONVERSION = YES_AGGRESSIVE;
				CLANG_CXX_LANGUAGE_STANDARD = "gnu++14";
				CLANG_CXX_LIBRARY = "libc++";
				CLANG_ENABLE_MODULES = YES;
				CLANG_ENABLE_OBJC_ARC = YES;
				CLANG_ENABLE_OBJC_WEAK = YES;
				CLANG_WARN_BLOCK_CAPTURE_AUTORELEASING = YES;
				CLANG_WARN_BOOL_CONVERSION = YES;
				CLANG_WARN_COMMA = YES;
				CLANG_WARN_CONSTANT_CONVERSION = YES;
				CLANG_WARN_DEPRECATED_OBJC_IMPLEMENTATIONS = YES;
				CLANG_WARN_DIRECT_OBJC_ISA_USAGE = YES_ERROR;
				CLANG_WARN_DOCUMENTATION_COMMENTS = YES;
				CLANG_WARN_EMPTY_BODY = YES;
				CLANG_WARN_ENUM_CONVERSION = YES;
				CLANG_WARN_INFINITE_RECURSION = YES;
				CLANG_WARN_INT_CONVERSION = YES;
				CLANG_WARN_NON_LITERAL_NULL_CONVERSION = YES;
				CLANG_WARN_OBJC_IMPLICIT_RETAIN_SELF = YES;
				CLANG_WARN_OBJC_LITERAL_CONVERSION = YES;
				CLANG_WARN_OBJC_ROOT_CLASS = YES_ERROR;
				CLANG_WARN_QUOTED_INCLUDE_IN_FRAMEWORK_HEADER = YES;
				CLANG_WARN_RANGE_LOOP_ANALYSIS = YES;
				CLANG_WARN_STRICT_PROTOTYPES = YES;
				CLANG_WARN_SUSPICIOUS_MOVE = YES;
				CLANG_WARN_UNGUARDED_AVAILABILITY = YES_AGGRESSIVE;
				CLANG_WARN_UNREACHABLE_CODE = YES;
				CLANG_WARN__DUPLICATE_METHOD_MATCH = YES;
				COPY_PHASE_STRIP = NO;
				DEBUG_INFORMATION_FORMAT = dwarf;
				ENABLE_STRICT_OBJC_MSGSEND = YES;
				ENABLE_TESTABILITY = YES;
				GCC_C_LANGUAGE_STANDARD = gnu11;
				GCC_DYNAMIC_NO_PIC = NO;
				GCC_NO_COMMON_BLOCKS = YES;
				GCC_OPTIMIZATION_LEVEL = 0;
				GCC_PREPROCESSOR_DEFINITIONS = (
					"DEBUG=1",
					"$(inherited)",
				);
				GCC_WARN_64_TO_32_BIT_CONVERSION = YES;
				GCC_WARN_ABOUT_RETURN_TYPE = YES_ERROR;
				GCC_WARN_UNDECLARED_SELECTOR = YES;
				GCC_WARN_UNINITIALIZED_AUTOS = YES_AGGRESSIVE;
				GCC_WARN_UNUSED_FUNCTION = YES;
				GCC_WARN_UNUSED_VARIABLE = YES;
				IPHONEOS_DEPLOYMENT_TARGET = 14.5;
				MTL_ENABLE_DEBUG_INFO = INCLUDE_SOURCE;
				MTL_FAST_MATH = YES;
				ONLY_ACTIVE_ARCH = YES;
				SDKROOT = iphoneos;
				SWIFT_ACTIVE_COMPILATION_CONDITIONS = DEBUG;
				SWIFT_OPTIMIZATION_LEVEL = "-Onone";
			};
			name = Debug;
		};
		9BAD8C0026632308001F8B8A /* Release */ = {
			isa = XCBuildConfiguration;
			buildSettings = {
				ALWAYS_SEARCH_USER_PATHS = NO;
				CLANG_ANALYZER_NONNULL = YES;
				CLANG_ANALYZER_NUMBER_OBJECT_CONVERSION = YES_AGGRESSIVE;
				CLANG_CXX_LANGUAGE_STANDARD = "gnu++14";
				CLANG_CXX_LIBRARY = "libc++";
				CLANG_ENABLE_MODULES = YES;
				CLANG_ENABLE_OBJC_ARC = YES;
				CLANG_ENABLE_OBJC_WEAK = YES;
				CLANG_WARN_BLOCK_CAPTURE_AUTORELEASING = YES;
				CLANG_WARN_BOOL_CONVERSION = YES;
				CLANG_WARN_COMMA = YES;
				CLANG_WARN_CONSTANT_CONVERSION = YES;
				CLANG_WARN_DEPRECATED_OBJC_IMPLEMENTATIONS = YES;
				CLANG_WARN_DIRECT_OBJC_ISA_USAGE = YES_ERROR;
				CLANG_WARN_DOCUMENTATION_COMMENTS = YES;
				CLANG_WARN_EMPTY_BODY = YES;
				CLANG_WARN_ENUM_CONVERSION = YES;
				CLANG_WARN_INFINITE_RECURSION = YES;
				CLANG_WARN_INT_CONVERSION = YES;
				CLANG_WARN_NON_LITERAL_NULL_CONVERSION = YES;
				CLANG_WARN_OBJC_IMPLICIT_RETAIN_SELF = YES;
				CLANG_WARN_OBJC_LITERAL_CONVERSION = YES;
				CLANG_WARN_OBJC_ROOT_CLASS = YES_ERROR;
				CLANG_WARN_QUOTED_INCLUDE_IN_FRAMEWORK_HEADER = YES;
				CLANG_WARN_RANGE_LOOP_ANALYSIS = YES;
				CLANG_WARN_STRICT_PROTOTYPES = YES;
				CLANG_WARN_SUSPICIOUS_MOVE = YES;
				CLANG_WARN_UNGUARDED_AVAILABILITY = YES_AGGRESSIVE;
				CLANG_WARN_UNREACHABLE_CODE = YES;
				CLANG_WARN__DUPLICATE_METHOD_MATCH = YES;
				COPY_PHASE_STRIP = NO;
				DEBUG_INFORMATION_FORMAT = "dwarf-with-dsym";
				ENABLE_NS_ASSERTIONS = NO;
				ENABLE_STRICT_OBJC_MSGSEND = YES;
				GCC_C_LANGUAGE_STANDARD = gnu11;
				GCC_NO_COMMON_BLOCKS = YES;
				GCC_WARN_64_TO_32_BIT_CONVERSION = YES;
				GCC_WARN_ABOUT_RETURN_TYPE = YES_ERROR;
				GCC_WARN_UNDECLARED_SELECTOR = YES;
				GCC_WARN_UNINITIALIZED_AUTOS = YES_AGGRESSIVE;
				GCC_WARN_UNUSED_FUNCTION = YES;
				GCC_WARN_UNUSED_VARIABLE = YES;
				IPHONEOS_DEPLOYMENT_TARGET = 14.5;
				MTL_ENABLE_DEBUG_INFO = NO;
				MTL_FAST_MATH = YES;
				SDKROOT = iphoneos;
				SWIFT_COMPILATION_MODE = wholemodule;
				SWIFT_OPTIMIZATION_LEVEL = "-O";
				VALIDATE_PRODUCT = YES;
			};
			name = Release;
		};
		9BAD8C0226632308001F8B8A /* Debug */ = {
			isa = XCBuildConfiguration;
			baseConfigurationReference = F23B4C2833089C6C9EE3F5EA /* Pods-Crashlytics.debug.xcconfig */;
			buildSettings = {
				ASSETCATALOG_COMPILER_APPICON_NAME = AppIcon;
				ASSETCATALOG_COMPILER_GLOBAL_ACCENT_COLOR_NAME = AccentColor;
				CODE_SIGN_STYLE = Automatic;
				DEBUG_INFORMATION_FORMAT = "dwarf-with-dsym";
				DEVELOPMENT_ASSET_PATHS = "";
				DEVELOPMENT_TEAM = "";
				ENABLE_PREVIEWS = YES;
				INFOPLIST_FILE = Crashlytics/Info.plist;
				IPHONEOS_DEPLOYMENT_TARGET = 13.0;
				LD_RUNPATH_SEARCH_PATHS = (
					"$(inherited)",
					"@executable_path/Frameworks",
				);
				PRODUCT_BUNDLE_IDENTIFIER = io.github.jesterz91.Crashlytics;
				PRODUCT_NAME = "$(TARGET_NAME)";
				SWIFT_VERSION = 5.0;
				TARGETED_DEVICE_FAMILY = 1;
			};
			name = Debug;
		};
		9BAD8C0326632308001F8B8A /* Release */ = {
			isa = XCBuildConfiguration;
			baseConfigurationReference = AADEAEE29D84F8E2B668499C /* Pods-Crashlytics.release.xcconfig */;
			buildSettings = {
				ASSETCATALOG_COMPILER_APPICON_NAME = AppIcon;
				ASSETCATALOG_COMPILER_GLOBAL_ACCENT_COLOR_NAME = AccentColor;
				CODE_SIGN_STYLE = Automatic;
				DEVELOPMENT_ASSET_PATHS = "";
				DEVELOPMENT_TEAM = "";
				ENABLE_PREVIEWS = YES;
				INFOPLIST_FILE = Crashlytics/Info.plist;
				IPHONEOS_DEPLOYMENT_TARGET = 13.0;
				LD_RUNPATH_SEARCH_PATHS = (
					"$(inherited)",
					"@executable_path/Frameworks",
				);
				PRODUCT_BUNDLE_IDENTIFIER = io.github.jesterz91.Crashlytics;
				PRODUCT_NAME = "$(TARGET_NAME)";
				SWIFT_VERSION = 5.0;
				TARGETED_DEVICE_FAMILY = 1;
			};
			name = Release;
		};
/* End XCBuildConfiguration section */

/* Begin XCConfigurationList section */
		9BAD8BE826632306001F8B8A /* Build configuration list for PBXProject "Crashlytics" */ = {
			isa = XCConfigurationList;
			buildConfigurations = (
				9BAD8BFF26632308001F8B8A /* Debug */,
				9BAD8C0026632308001F8B8A /* Release */,
			);
			defaultConfigurationIsVisible = 0;
			defaultConfigurationName = Release;
		};
		9BAD8C0126632308001F8B8A /* Build configuration list for PBXNativeTarget "Crashlytics" */ = {
			isa = XCConfigurationList;
			buildConfigurations = (
				9BAD8C0226632308001F8B8A /* Debug */,
				9BAD8C0326632308001F8B8A /* Release */,
			);
			defaultConfigurationIsVisible = 0;
			defaultConfigurationName = Release;
		};
/* End XCConfigurationList section */
	};
	rootObject = 9BAD8BE526632306001F8B8A /* Project object */;
}
