// !$*UTF8*$!
{
	archiveVersion = 1;
	classes = {
	};
	objectVersion = 50;
	objects = {

/* Begin PBXBuildFile section */
		9B7C74D1264ADC720094E552 /* FruitCard.swift in Sources */ = {isa = PBXBuildFile; fileRef = 9B7C74D0264ADC720094E552 /* FruitCard.swift */; };
		9B7C74D3264ADD770094E552 /* ImageGallery.swift in Sources */ = {isa = PBXBuildFile; fileRef = 9B7C74D2264ADD770094E552 /* ImageGallery.swift */; };
		9B9F6B91264800A300155573 /* FavoriteProductScrollView.swift in Sources */ = {isa = PBXBuildFile; fileRef = 9B9F6B90264800A300155573 /* FavoriteProductScrollView.swift */; };
		9B9F6B932648082E00155573 /* MainTabView.swift in Sources */ = {isa = PBXBuildFile; fileRef = 9B9F6B922648082E00155573 /* MainTabView.swift */; };
		9BA0763226418FF900CFA137 /* QuantitySelector.swift in Sources */ = {isa = PBXBuildFile; fileRef = 9BA0763126418FF900CFA137 /* QuantitySelector.swift */; };
		9BA076362641A3FA00CFA137 /* FavoriteButton.swift in Sources */ = {isa = PBXBuildFile; fileRef = 9BA076352641A3FA00CFA137 /* FavoriteButton.swift */; };
		9BA076382641AA0E00CFA137 /* Order.swift in Sources */ = {isa = PBXBuildFile; fileRef = 9BA076372641AA0E00CFA137 /* Order.swift */; };
		9BA0763B2642DC0000CFA137 /* Symbol.swift in Sources */ = {isa = PBXBuildFile; fileRef = 9BA0763A2642DC0000CFA137 /* Symbol.swift */; };
		9BA0763D2642DD8B00CFA137 /* ResizedImage.swift in Sources */ = {isa = PBXBuildFile; fileRef = 9BA0763C2642DD8B00CFA137 /* ResizedImage.swift */; };
		9BA076402642E26F00CFA137 /* ShirinkButtonStyle.swift in Sources */ = {isa = PBXBuildFile; fileRef = 9BA0763F2642E26F00CFA137 /* ShirinkButtonStyle.swift */; };
		9BA076452642ED0C00CFA137 /* UIColor+Extension.swift in Sources */ = {isa = PBXBuildFile; fileRef = 9BA076442642ED0C00CFA137 /* UIColor+Extension.swift */; };
		9BB84009263EF4830014D99D /* AppDelegate.swift in Sources */ = {isa = PBXBuildFile; fileRef = 9BB84008263EF4830014D99D /* AppDelegate.swift */; };
		9BB8400B263EF4830014D99D /* SceneDelegate.swift in Sources */ = {isa = PBXBuildFile; fileRef = 9BB8400A263EF4830014D99D /* SceneDelegate.swift */; };
		9BB8400D263EF4830014D99D /* HomeView.swift in Sources */ = {isa = PBXBuildFile; fileRef = 9BB8400C263EF4830014D99D /* HomeView.swift */; };
		9BB8400F263EF4870014D99D /* Assets.xcassets in Resources */ = {isa = PBXBuildFile; fileRef = 9BB8400E263EF4870014D99D /* Assets.xcassets */; };
		9BB84012263EF4870014D99D /* Preview Assets.xcassets in Resources */ = {isa = PBXBuildFile; fileRef = 9BB84011263EF4870014D99D /* Preview Assets.xcassets */; };
		9BB84015263EF4870014D99D /* LaunchScreen.storyboard in Resources */ = {isa = PBXBuildFile; fileRef = 9BB84013263EF4870014D99D /* LaunchScreen.storyboard */; };
		9BB8401D263EFBF60014D99D /* Product.swift in Sources */ = {isa = PBXBuildFile; fileRef = 9BB8401C263EFBF60014D99D /* Product.swift */; };
		9BB8401F263EFDD90014D99D /* Store.swift in Sources */ = {isa = PBXBuildFile; fileRef = 9BB8401E263EFDD90014D99D /* Store.swift */; };
		9BB84021263F073B0014D99D /* ProductRow.swift in Sources */ = {isa = PBXBuildFile; fileRef = 9BB84020263F073B0014D99D /* ProductRow.swift */; };
		9BB84027263F0A4C0014D99D /* Color+Extension.swift in Sources */ = {isa = PBXBuildFile; fileRef = 9BB84026263F0A4C0014D99D /* Color+Extension.swift */; };
		9BB8403426403A570014D99D /* ProductDetailView.swift in Sources */ = {isa = PBXBuildFile; fileRef = 9BB8403326403A570014D99D /* ProductDetailView.swift */; };
		9BB84037264059320014D99D /* Preview.swift in Sources */ = {isa = PBXBuildFile; fileRef = 9BB84036264059320014D99D /* Preview.swift */; };
		9BCAB60D2649901100F66512 /* Recipe.swift in Sources */ = {isa = PBXBuildFile; fileRef = 9BCAB60C2649901100F66512 /* Recipe.swift */; };
		9BCAB6112649922600F66512 /* RecipeView.swift in Sources */ = {isa = PBXBuildFile; fileRef = 9BCAB6102649922600F66512 /* RecipeView.swift */; };
/* End PBXBuildFile section */

/* Begin PBXFileReference section */
		9B7C74D0264ADC720094E552 /* FruitCard.swift */ = {isa = PBXFileReference; lastKnownFileType = sourcecode.swift; path = FruitCard.swift; sourceTree = "<group>"; };
		9B7C74D2264ADD770094E552 /* ImageGallery.swift */ = {isa = PBXFileReference; lastKnownFileType = sourcecode.swift; path = ImageGallery.swift; sourceTree = "<group>"; };
		9B9F6B90264800A300155573 /* FavoriteProductScrollView.swift */ = {isa = PBXFileReference; lastKnownFileType = sourcecode.swift; path = FavoriteProductScrollView.swift; sourceTree = "<group>"; };
		9B9F6B922648082E00155573 /* MainTabView.swift */ = {isa = PBXFileReference; lastKnownFileType = sourcecode.swift; path = MainTabView.swift; sourceTree = "<group>"; };
		9BA0763126418FF900CFA137 /* QuantitySelector.swift */ = {isa = PBXFileReference; lastKnownFileType = sourcecode.swift; path = QuantitySelector.swift; sourceTree = "<group>"; };
		9BA076352641A3FA00CFA137 /* FavoriteButton.swift */ = {isa = PBXFileReference; lastKnownFileType = sourcecode.swift; path = FavoriteButton.swift; sourceTree = "<group>"; };
		9BA076372641AA0E00CFA137 /* Order.swift */ = {isa = PBXFileReference; lastKnownFileType = sourcecode.swift; path = Order.swift; sourceTree = "<group>"; };
		9BA0763A2642DC0000CFA137 /* Symbol.swift */ = {isa = PBXFileReference; lastKnownFileType = sourcecode.swift; path = Symbol.swift; sourceTree = "<group>"; };
		9BA0763C2642DD8B00CFA137 /* ResizedImage.swift */ = {isa = PBXFileReference; lastKnownFileType = sourcecode.swift; path = ResizedImage.swift; sourceTree = "<group>"; };
		9BA0763F2642E26F00CFA137 /* ShirinkButtonStyle.swift */ = {isa = PBXFileReference; lastKnownFileType = sourcecode.swift; path = ShirinkButtonStyle.swift; sourceTree = "<group>"; };
		9BA076442642ED0C00CFA137 /* UIColor+Extension.swift */ = {isa = PBXFileReference; lastKnownFileType = sourcecode.swift; path = "UIColor+Extension.swift"; sourceTree = "<group>"; };
		9BB84005263EF4830014D99D /* FruitMart.app */ = {isa = PBXFileReference; explicitFileType = wrapper.application; includeInIndex = 0; path = FruitMart.app; sourceTree = BUILT_PRODUCTS_DIR; };
		9BB84008263EF4830014D99D /* AppDelegate.swift */ = {isa = PBXFileReference; lastKnownFileType = sourcecode.swift; path = AppDelegate.swift; sourceTree = "<group>"; };
		9BB8400A263EF4830014D99D /* SceneDelegate.swift */ = {isa = PBXFileReference; lastKnownFileType = sourcecode.swift; path = SceneDelegate.swift; sourceTree = "<group>"; };
		9BB8400C263EF4830014D99D /* HomeView.swift */ = {isa = PBXFileReference; lastKnownFileType = sourcecode.swift; path = HomeView.swift; sourceTree = "<group>"; };
		9BB8400E263EF4870014D99D /* Assets.xcassets */ = {isa = PBXFileReference; lastKnownFileType = folder.assetcatalog; path = Assets.xcassets; sourceTree = "<group>"; };
		9BB84011263EF4870014D99D /* Preview Assets.xcassets */ = {isa = PBXFileReference; lastKnownFileType = folder.assetcatalog; path = "Preview Assets.xcassets"; sourceTree = "<group>"; };
		9BB84014263EF4870014D99D /* Base */ = {isa = PBXFileReference; lastKnownFileType = file.storyboard; name = Base; path = Base.lproj/LaunchScreen.storyboard; sourceTree = "<group>"; };
		9BB84016263EF4870014D99D /* Info.plist */ = {isa = PBXFileReference; lastKnownFileType = text.plist.xml; path = Info.plist; sourceTree = "<group>"; };
		9BB8401C263EFBF60014D99D /* Product.swift */ = {isa = PBXFileReference; lastKnownFileType = sourcecode.swift; path = Product.swift; sourceTree = "<group>"; };
		9BB8401E263EFDD90014D99D /* Store.swift */ = {isa = PBXFileReference; lastKnownFileType = sourcecode.swift; path = Store.swift; sourceTree = "<group>"; };
		9BB84020263F073B0014D99D /* ProductRow.swift */ = {isa = PBXFileReference; lastKnownFileType = sourcecode.swift; path = ProductRow.swift; sourceTree = "<group>"; };
		9BB84026263F0A4C0014D99D /* Color+Extension.swift */ = {isa = PBXFileReference; lastKnownFileType = sourcecode.swift; path = "Color+Extension.swift"; sourceTree = "<group>"; };
		9BB8403326403A570014D99D /* ProductDetailView.swift */ = {isa = PBXFileReference; lastKnownFileType = sourcecode.swift; path = ProductDetailView.swift; sourceTree = "<group>"; };
		9BB84036264059320014D99D /* Preview.swift */ = {isa = PBXFileReference; lastKnownFileType = sourcecode.swift; path = Preview.swift; sourceTree = "<group>"; };
		9BCAB60C2649901100F66512 /* Recipe.swift */ = {isa = PBXFileReference; lastKnownFileType = sourcecode.swift; path = Recipe.swift; sourceTree = "<group>"; };
		9BCAB6102649922600F66512 /* RecipeView.swift */ = {isa = PBXFileReference; lastKnownFileType = sourcecode.swift; path = RecipeView.swift; sourceTree = "<group>"; };
/* End PBXFileReference section */

/* Begin PBXFrameworksBuildPhase section */
		9BB84002263EF4830014D99D /* Frameworks */ = {
			isa = PBXFrameworksBuildPhase;
			buildActionMask = 2147483647;
			files = (
			);
			runOnlyForDeploymentPostprocessing = 0;
		};
/* End PBXFrameworksBuildPhase section */

/* Begin PBXGroup section */
		9B7C74CF264ADC500094E552 /* Gallery */ = {
			isa = PBXGroup;
			children = (
				9B7C74D0264ADC720094E552 /* FruitCard.swift */,
				9B7C74D2264ADD770094E552 /* ImageGallery.swift */,
			);
			path = Gallery;
			sourceTree = "<group>";
		};
		9BA076392642DBE000CFA137 /* Custom */ = {
			isa = PBXGroup;
			children = (
				9BA0763E2642E25D00CFA137 /* Style */,
				9BA0763C2642DD8B00CFA137 /* ResizedImage.swift */,
				9BA0763A2642DC0000CFA137 /* Symbol.swift */,
			);
			path = Custom;
			sourceTree = "<group>";
		};
		9BA0763E2642E25D00CFA137 /* Style */ = {
			isa = PBXGroup;
			children = (
				9BA0763F2642E26F00CFA137 /* ShirinkButtonStyle.swift */,
			);
			path = Style;
			sourceTree = "<group>";
		};
		9BB83FFC263EF4830014D99D = {
			isa = PBXGroup;
			children = (
				9BB84007263EF4830014D99D /* FruitMart */,
				9BB84006263EF4830014D99D /* Products */,
			);
			sourceTree = "<group>";
		};
		9BB84006263EF4830014D99D /* Products */ = {
			isa = PBXGroup;
			children = (
				9BB84005263EF4830014D99D /* FruitMart.app */,
			);
			name = Products;
			sourceTree = "<group>";
		};
		9BB84007263EF4830014D99D /* FruitMart */ = {
			isa = PBXGroup;
			children = (
				9BB84016263EF4870014D99D /* Info.plist */,
				9BB8400E263EF4870014D99D /* Assets.xcassets */,
				9BB84024263F07A40014D99D /* App */,
				9BB84025263F0A360014D99D /* Extension */,
				9BB84023263F078A0014D99D /* Model */,
				9BB84010263EF4870014D99D /* Preview Content */,
				9BB84022263F07750014D99D /* View */,
			);
			path = FruitMart;
			sourceTree = "<group>";
		};
		9BB84010263EF4870014D99D /* Preview Content */ = {
			isa = PBXGroup;
			children = (
				9BB84011263EF4870014D99D /* Preview Assets.xcassets */,
			);
			path = "Preview Content";
			sourceTree = "<group>";
		};
		9BB84022263F07750014D99D /* View */ = {
			isa = PBXGroup;
			children = (
				9BA076392642DBE000CFA137 /* Custom */,
				9B7C74CF264ADC500094E552 /* Gallery */,
				9BCAB60E264991FC00F66512 /* Home */,
				9BB84035264059210014D99D /* Preview */,
				9BCAB60F2649920200F66512 /* Recipe */,
				9B9F6B922648082E00155573 /* MainTabView.swift */,
			);
			path = View;
			sourceTree = "<group>";
		};
		9BB84023263F078A0014D99D /* Model */ = {
			isa = PBXGroup;
			children = (
				9BA076372641AA0E00CFA137 /* Order.swift */,
				9BB8401C263EFBF60014D99D /* Product.swift */,
				9BCAB60C2649901100F66512 /* Recipe.swift */,
				9BB8401E263EFDD90014D99D /* Store.swift */,
			);
			path = Model;
			sourceTree = "<group>";
		};
		9BB84024263F07A40014D99D /* App */ = {
			isa = PBXGroup;
			children = (
				9BB84008263EF4830014D99D /* AppDelegate.swift */,
				9BB8400A263EF4830014D99D /* SceneDelegate.swift */,
				9BB84013263EF4870014D99D /* LaunchScreen.storyboard */,
			);
			path = App;
			sourceTree = "<group>";
		};
		9BB84025263F0A360014D99D /* Extension */ = {
			isa = PBXGroup;
			children = (
				9BB84026263F0A4C0014D99D /* Color+Extension.swift */,
				9BA076442642ED0C00CFA137 /* UIColor+Extension.swift */,
			);
			path = Extension;
			sourceTree = "<group>";
		};
		9BB84035264059210014D99D /* Preview */ = {
			isa = PBXGroup;
			children = (
				9BB84036264059320014D99D /* Preview.swift */,
			);
			path = Preview;
			sourceTree = "<group>";
		};
		9BCAB60E264991FC00F66512 /* Home */ = {
			isa = PBXGroup;
			children = (
				9BA076352641A3FA00CFA137 /* FavoriteButton.swift */,
				9B9F6B90264800A300155573 /* FavoriteProductScrollView.swift */,
				9BB8400C263EF4830014D99D /* HomeView.swift */,
				9BB8403326403A570014D99D /* ProductDetailView.swift */,
				9BB84020263F073B0014D99D /* ProductRow.swift */,
				9BA0763126418FF900CFA137 /* QuantitySelector.swift */,
			);
			path = Home;
			sourceTree = "<group>";
		};
		9BCAB60F2649920200F66512 /* Recipe */ = {
			isa = PBXGroup;
			children = (
				9BCAB6102649922600F66512 /* RecipeView.swift */,
			);
			path = Recipe;
			sourceTree = "<group>";
		};
/* End PBXGroup section */

/* Begin PBXNativeTarget section */
		9BB84004263EF4830014D99D /* FruitMart */ = {
			isa = PBXNativeTarget;
			buildConfigurationList = 9BB84019263EF4870014D99D /* Build configuration list for PBXNativeTarget "FruitMart" */;
			buildPhases = (
				9BB84001263EF4830014D99D /* Sources */,
				9BB84002263EF4830014D99D /* Frameworks */,
				9BB84003263EF4830014D99D /* Resources */,
			);
			buildRules = (
			);
			dependencies = (
			);
			name = FruitMart;
			productName = FruitMart;
			productReference = 9BB84005263EF4830014D99D /* FruitMart.app */;
			productType = "com.apple.product-type.application";
		};
/* End PBXNativeTarget section */

/* Begin PBXProject section */
		9BB83FFD263EF4830014D99D /* Project object */ = {
			isa = PBXProject;
			attributes = {
				LastSwiftUpdateCheck = 1250;
				LastUpgradeCheck = 1250;
				TargetAttributes = {
					9BB84004263EF4830014D99D = {
						CreatedOnToolsVersion = 12.5;
					};
				};
			};
			buildConfigurationList = 9BB84000263EF4830014D99D /* Build configuration list for PBXProject "FruitMart" */;
			compatibilityVersion = "Xcode 9.3";
			developmentRegion = en;
			hasScannedForEncodings = 0;
			knownRegions = (
				en,
				Base,
			);
			mainGroup = 9BB83FFC263EF4830014D99D;
			productRefGroup = 9BB84006263EF4830014D99D /* Products */;
			projectDirPath = "";
			projectRoot = "";
			targets = (
				9BB84004263EF4830014D99D /* FruitMart */,
			);
		};
/* End PBXProject section */

/* Begin PBXResourcesBuildPhase section */
		9BB84003263EF4830014D99D /* Resources */ = {
			isa = PBXResourcesBuildPhase;
			buildActionMask = 2147483647;
			files = (
				9BB84015263EF4870014D99D /* LaunchScreen.storyboard in Resources */,
				9BB84012263EF4870014D99D /* Preview Assets.xcassets in Resources */,
				9BB8400F263EF4870014D99D /* Assets.xcassets in Resources */,
			);
			runOnlyForDeploymentPostprocessing = 0;
		};
/* End PBXResourcesBuildPhase section */

/* Begin PBXSourcesBuildPhase section */
		9BB84001263EF4830014D99D /* Sources */ = {
			isa = PBXSourcesBuildPhase;
			buildActionMask = 2147483647;
			files = (
				9BB84027263F0A4C0014D99D /* Color+Extension.swift in Sources */,
				9BB8403426403A570014D99D /* ProductDetailView.swift in Sources */,
				9BB8401F263EFDD90014D99D /* Store.swift in Sources */,
				9B9F6B91264800A300155573 /* FavoriteProductScrollView.swift in Sources */,
				9BB84009263EF4830014D99D /* AppDelegate.swift in Sources */,
				9BA076402642E26F00CFA137 /* ShirinkButtonStyle.swift in Sources */,
				9BB84021263F073B0014D99D /* ProductRow.swift in Sources */,
				9B7C74D1264ADC720094E552 /* FruitCard.swift in Sources */,
				9BA0763B2642DC0000CFA137 /* Symbol.swift in Sources */,
				9BA076452642ED0C00CFA137 /* UIColor+Extension.swift in Sources */,
				9B7C74D3264ADD770094E552 /* ImageGallery.swift in Sources */,
				9BB8401D263EFBF60014D99D /* Product.swift in Sources */,
				9BA076382641AA0E00CFA137 /* Order.swift in Sources */,
				9B9F6B932648082E00155573 /* MainTabView.swift in Sources */,
				9BA0763D2642DD8B00CFA137 /* ResizedImage.swift in Sources */,
				9BB8400B263EF4830014D99D /* SceneDelegate.swift in Sources */,
				9BCAB6112649922600F66512 /* RecipeView.swift in Sources */,
				9BA0763226418FF900CFA137 /* QuantitySelector.swift in Sources */,
				9BB84037264059320014D99D /* Preview.swift in Sources */,
				9BCAB60D2649901100F66512 /* Recipe.swift in Sources */,
				9BA076362641A3FA00CFA137 /* FavoriteButton.swift in Sources */,
				9BB8400D263EF4830014D99D /* HomeView.swift in Sources */,
			);
			runOnlyForDeploymentPostprocessing = 0;
		};
/* End PBXSourcesBuildPhase section */

/* Begin PBXVariantGroup section */
		9BB84013263EF4870014D99D /* LaunchScreen.storyboard */ = {
			isa = PBXVariantGroup;
			children = (
				9BB84014263EF4870014D99D /* Base */,
			);
			name = LaunchScreen.storyboard;
			sourceTree = "<group>";
		};
/* End PBXVariantGroup section */

/* Begin XCBuildConfiguration section */
		9BB84017263EF4870014D99D /* Debug */ = {
			isa = XCBuildConfiguration;
			buildSettings = {
				ALWAYS_SEARCH_USER_PATHS = NO;
				CLANG_ANALYZER_NONNULL = YES;
				CLANG_ANALYZER_NUMBER_OBJECT_CONVERSION = YES_AGGRESSIVE;
				CLANG_CXX_LANGUAGE_STANDARD = "gnu++14";
				CLANG_CXX_LIBRARY = "libc++";
				CLANG_ENABLE_MODULES = YES;
				CLANG_ENABLE_OBJC_ARC = YES;
				CLANG_ENABLE_OBJC_WEAK = YES;
				CLANG_WARN_BLOCK_CAPTURE_AUTORELEASING = YES;
				CLANG_WARN_BOOL_CONVERSION = YES;
				CLANG_WARN_COMMA = YES;
				CLANG_WARN_CONSTANT_CONVERSION = YES;
				CLANG_WARN_DEPRECATED_OBJC_IMPLEMENTATIONS = YES;
				CLANG_WARN_DIRECT_OBJC_ISA_USAGE = YES_ERROR;
				CLANG_WARN_DOCUMENTATION_COMMENTS = YES;
				CLANG_WARN_EMPTY_BODY = YES;
				CLANG_WARN_ENUM_CONVERSION = YES;
				CLANG_WARN_INFINITE_RECURSION = YES;
				CLANG_WARN_INT_CONVERSION = YES;
				CLANG_WARN_NON_LITERAL_NULL_CONVERSION = YES;
				CLANG_WARN_OBJC_IMPLICIT_RETAIN_SELF = YES;
				CLANG_WARN_OBJC_LITERAL_CONVERSION = YES;
				CLANG_WARN_OBJC_ROOT_CLASS = YES_ERROR;
				CLANG_WARN_QUOTED_INCLUDE_IN_FRAMEWORK_HEADER = YES;
				CLANG_WARN_RANGE_LOOP_ANALYSIS = YES;
				CLANG_WARN_STRICT_PROTOTYPES = YES;
				CLANG_WARN_SUSPICIOUS_MOVE = YES;
				CLANG_WARN_UNGUARDED_AVAILABILITY = YES_AGGRESSIVE;
				CLANG_WARN_UNREACHABLE_CODE = YES;
				CLANG_WARN__DUPLICATE_METHOD_MATCH = YES;
				COPY_PHASE_STRIP = NO;
				DEBUG_INFORMATION_FORMAT = dwarf;
				ENABLE_STRICT_OBJC_MSGSEND = YES;
				ENABLE_TESTABILITY = YES;
				GCC_C_LANGUAGE_STANDARD = gnu11;
				GCC_DYNAMIC_NO_PIC = NO;
				GCC_NO_COMMON_BLOCKS = YES;
				GCC_OPTIMIZATION_LEVEL = 0;
				GCC_PREPROCESSOR_DEFINITIONS = (
					"DEBUG=1",
					"$(inherited)",
				);
				GCC_WARN_64_TO_32_BIT_CONVERSION = YES;
				GCC_WARN_ABOUT_RETURN_TYPE = YES_ERROR;
				GCC_WARN_UNDECLARED_SELECTOR = YES;
				GCC_WARN_UNINITIALIZED_AUTOS = YES_AGGRESSIVE;
				GCC_WARN_UNUSED_FUNCTION = YES;
				GCC_WARN_UNUSED_VARIABLE = YES;
				IPHONEOS_DEPLOYMENT_TARGET = 14.5;
				MTL_ENABLE_DEBUG_INFO = INCLUDE_SOURCE;
				MTL_FAST_MATH = YES;
				ONLY_ACTIVE_ARCH = YES;
				SDKROOT = iphoneos;
				SWIFT_ACTIVE_COMPILATION_CONDITIONS = DEBUG;
				SWIFT_OPTIMIZATION_LEVEL = "-Onone";
			};
			name = Debug;
		};
		9BB84018263EF4870014D99D /* Release */ = {
			isa = XCBuildConfiguration;
			buildSettings = {
				ALWAYS_SEARCH_USER_PATHS = NO;
				CLANG_ANALYZER_NONNULL = YES;
				CLANG_ANALYZER_NUMBER_OBJECT_CONVERSION = YES_AGGRESSIVE;
				CLANG_CXX_LANGUAGE_STANDARD = "gnu++14";
				CLANG_CXX_LIBRARY = "libc++";
				CLANG_ENABLE_MODULES = YES;
				CLANG_ENABLE_OBJC_ARC = YES;
				CLANG_ENABLE_OBJC_WEAK = YES;
				CLANG_WARN_BLOCK_CAPTURE_AUTORELEASING = YES;
				CLANG_WARN_BOOL_CONVERSION = YES;
				CLANG_WARN_COMMA = YES;
				CLANG_WARN_CONSTANT_CONVERSION = YES;
				CLANG_WARN_DEPRECATED_OBJC_IMPLEMENTATIONS = YES;
				CLANG_WARN_DIRECT_OBJC_ISA_USAGE = YES_ERROR;
				CLANG_WARN_DOCUMENTATION_COMMENTS = YES;
				CLANG_WARN_EMPTY_BODY = YES;
				CLANG_WARN_ENUM_CONVERSION = YES;
				CLANG_WARN_INFINITE_RECURSION = YES;
				CLANG_WARN_INT_CONVERSION = YES;
				CLANG_WARN_NON_LITERAL_NULL_CONVERSION = YES;
				CLANG_WARN_OBJC_IMPLICIT_RETAIN_SELF = YES;
				CLANG_WARN_OBJC_LITERAL_CONVERSION = YES;
				CLANG_WARN_OBJC_ROOT_CLASS = YES_ERROR;
				CLANG_WARN_QUOTED_INCLUDE_IN_FRAMEWORK_HEADER = YES;
				CLANG_WARN_RANGE_LOOP_ANALYSIS = YES;
				CLANG_WARN_STRICT_PROTOTYPES = YES;
				CLANG_WARN_SUSPICIOUS_MOVE = YES;
				CLANG_WARN_UNGUARDED_AVAILABILITY = YES_AGGRESSIVE;
				CLANG_WARN_UNREACHABLE_CODE = YES;
				CLANG_WARN__DUPLICATE_METHOD_MATCH = YES;
				COPY_PHASE_STRIP = NO;
				DEBUG_INFORMATION_FORMAT = "dwarf-with-dsym";
				ENABLE_NS_ASSERTIONS = NO;
				ENABLE_STRICT_OBJC_MSGSEND = YES;
				GCC_C_LANGUAGE_STANDARD = gnu11;
				GCC_NO_COMMON_BLOCKS = YES;
				GCC_WARN_64_TO_32_BIT_CONVERSION = YES;
				GCC_WARN_ABOUT_RETURN_TYPE = YES_ERROR;
				GCC_WARN_UNDECLARED_SELECTOR = YES;
				GCC_WARN_UNINITIALIZED_AUTOS = YES_AGGRESSIVE;
				GCC_WARN_UNUSED_FUNCTION = YES;
				GCC_WARN_UNUSED_VARIABLE = YES;
				IPHONEOS_DEPLOYMENT_TARGET = 14.5;
				MTL_ENABLE_DEBUG_INFO = NO;
				MTL_FAST_MATH = YES;
				SDKROOT = iphoneos;
				SWIFT_COMPILATION_MODE = wholemodule;
				SWIFT_OPTIMIZATION_LEVEL = "-O";
				VALIDATE_PRODUCT = YES;
			};
			name = Release;
		};
		9BB8401A263EF4870014D99D /* Debug */ = {
			isa = XCBuildConfiguration;
			buildSettings = {
				ASSETCATALOG_COMPILER_APPICON_NAME = AppIcon;
				ASSETCATALOG_COMPILER_GLOBAL_ACCENT_COLOR_NAME = AccentColor;
				CODE_SIGN_STYLE = Automatic;
				DEVELOPMENT_ASSET_PATHS = "\"FruitMart/Preview Content\"";
				ENABLE_PREVIEWS = YES;
				INFOPLIST_FILE = FruitMart/Info.plist;
				IPHONEOS_DEPLOYMENT_TARGET = 13.0;
				LD_RUNPATH_SEARCH_PATHS = (
					"$(inherited)",
					"@executable_path/Frameworks",
				);
				PRODUCT_BUNDLE_IDENTIFIER = io.github.jesterz91.FruitMart;
				PRODUCT_NAME = "$(TARGET_NAME)";
				SWIFT_VERSION = 5.0;
				TARGETED_DEVICE_FAMILY = 1;
			};
			name = Debug;
		};
		9BB8401B263EF4870014D99D /* Release */ = {
			isa = XCBuildConfiguration;
			buildSettings = {
				ASSETCATALOG_COMPILER_APPICON_NAME = AppIcon;
				ASSETCATALOG_COMPILER_GLOBAL_ACCENT_COLOR_NAME = AccentColor;
				CODE_SIGN_STYLE = Automatic;
				DEVELOPMENT_ASSET_PATHS = "\"FruitMart/Preview Content\"";
				ENABLE_PREVIEWS = YES;
				INFOPLIST_FILE = FruitMart/Info.plist;
				IPHONEOS_DEPLOYMENT_TARGET = 13.0;
				LD_RUNPATH_SEARCH_PATHS = (
					"$(inherited)",
					"@executable_path/Frameworks",
				);
				PRODUCT_BUNDLE_IDENTIFIER = io.github.jesterz91.FruitMart;
				PRODUCT_NAME = "$(TARGET_NAME)";
				SWIFT_VERSION = 5.0;
				TARGETED_DEVICE_FAMILY = 1;
			};
			name = Release;
		};
/* End XCBuildConfiguration section */

/* Begin XCConfigurationList section */
		9BB84000263EF4830014D99D /* Build configuration list for PBXProject "FruitMart" */ = {
			isa = XCConfigurationList;
			buildConfigurations = (
				9BB84017263EF4870014D99D /* Debug */,
				9BB84018263EF4870014D99D /* Release */,
			);
			defaultConfigurationIsVisible = 0;
			defaultConfigurationName = Release;
		};
		9BB84019263EF4870014D99D /* Build configuration list for PBXNativeTarget "FruitMart" */ = {
			isa = XCConfigurationList;
			buildConfigurations = (
				9BB8401A263EF4870014D99D /* Debug */,
				9BB8401B263EF4870014D99D /* Release */,
			);
			defaultConfigurationIsVisible = 0;
			defaultConfigurationName = Release;
		};
/* End XCConfigurationList section */
	};
	rootObject = 9BB83FFD263EF4830014D99D /* Project object */;
}
